Microsoft Visual Studio Solution File, Format Version 12.00
# Visual Studio Version 17
VisualStudioVersion = 17.0.31903.59
MinimumVisualStudioVersion = 10.0.40219.1
Project("{FAE04EC0-301F-11D3-BF4B-00C04F79EFBC}") = "Inno.Build.Bgfx", "build\\Inno.Build.Bgfx\\Inno.Build.Bgfx.csproj", "{2B3C2546-F897-4F41-8B2C-B8A40B6A36D0}"
EndProject
Project("{FAE04EC0-301F-11D3-BF4B-00C04F79EFBC}") = "Inno.Build.Bgfx.Tools", "build\\Inno.Build.Bgfx.Tools\\Inno.Build.Bgfx.Tools.csproj", "{8E5FD8CE-B8F7-4F89-9A4E-0E4B0A6B1C7B}"
EndProject
Project("{FAE04EC0-301F-11D3-BF4B-00C04F79EFBC}") = "Inno.Build.Global", "build\\Inno.Build.Global\\Inno.Build.Global.csproj", "{2C4A9FCD-72D2-4ED9-B5F3-EDC389FF2F30}"
EndProject
Project("{FAE04EC0-301F-11D3-BF4B-00C04F79EFBC}") = "Inno.Build.Bgfx.Clean", "build\\Inno.Build.Bgfx.Clean\\Inno.Build.Bgfx.Clean.csproj", "{1B6E3F0A-1F6B-4B0A-8C1E-8C2F5E8A2C9D}"
EndProject
Project("{FAE04EC0-301F-11D3-BF4B-00C04F79EFBC}") = "Inno.Build.Sdl3", "build\\Inno.Build.Sdl3\\Inno.Build.Sdl3.csproj", "{EE26B2A1-CEED-43BD-99FB-E66B35DDF999}"
EndProject
Project("{FAE04EC0-301F-11D3-BF4B-00C04F79EFBC}") = "Inno.Build.Sdl3.Clean", "build\\Inno.Build.Sdl3.Clean\\Inno.Build.Sdl3.Clean.csproj", "{1B992CE3-8F21-4852-B1F1-3710384C8A50}"
EndProject
Project("{FAE04EC0-301F-11D3-BF4B-00C04F79EFBC}") = "Inno.Build.Cimgui", "build\\Inno.Build.Cimgui\\Inno.Build.Cimgui.csproj", "{7D142685-2FCD-46F9-AE5C-A6A1E62ADDEE}"
EndProject
Project("{FAE04EC0-301F-11D3-BF4B-00C04F79EFBC}") = "Inno.Build.Cimgui.Clean", "build\\Inno.Build.Cimgui.Clean\\Inno.Build.Cimgui.Clean.csproj", "{DF05ABF7-1CB2-488C-8FF7-2A6F440DF904}"
EndProject
Project("{FAE04EC0-301F-11D3-BF4B-00C04F79EFBC}") = "Inno.Native.SDL3", "native\\Inno.Native.SDL3\\Inno.Native.SDL3.csproj", "{2E1E98AC-8D37-4E17-9D8E-2E9B35D31807}"
EndProject
Project("{FAE04EC0-301F-11D3-BF4B-00C04F79EFBC}") = "Inno.Native.SDL3.Tests", "tests\\Inno.Native.SDL3.Tests\\Inno.Native.SDL3.Tests.csproj", "{4E0B5F68-7D2B-4F5A-9A2E-19C87D2A9A72}"
EndProject
Project("{FAE04EC0-301F-11D3-BF4B-00C04F79EFBC}") = "Inno.Native.ImGui", "native\\Inno.Native.ImGui\\Inno.Native.ImGui.csproj", "{F4DAED1E-21D0-4C17-BF11-94EA06EFBBA5}"
EndProject
Project("{FAE04EC0-301F-11D3-BF4B-00C04F79EFBC}") = "Inno.Native.ImGui.Tests", "tests\\Inno.Native.ImGui.Tests\\Inno.Native.ImGui.Tests.csproj", "{37FE572C-8E8D-4AA6-ACDF-6BE6BCDD02A5}"
EndProject
Project("{FAE04EC0-301F-11D3-BF4B-00C04F79EFBC}") = "Inno.Native.Bgfx", "native\\Inno.Native.Bgfx\\Inno.Native.Bgfx.csproj", "{6E0A4E7C-7C89-4B7B-8E76-1A9B8C2F2B52}"
EndProject
Project("{FAE04EC0-301F-11D3-BF4B-00C04F79EFBC}") = "Inno.Native.Bgfx.Tools", "native\\Inno.Native.Bgfx.Tools\\Inno.Native.Bgfx.Tools.csproj", "{4E1D7C77-2F5C-4F6E-8B1F-5A6D8D7A1E32}"
EndProject
Project("{FAE04EC0-301F-11D3-BF4B-00C04F79EFBC}") = "Inno.Native.Dll", "native\\Inno.Native.Dll\\Inno.Native.Dll.csproj", "{7B3F9C01-2C23-4A9D-8E2E-0B2A9E1D7C44}"
EndProject
Project("{FAE04EC0-301F-11D3-BF4B-00C04F79EFBC}") = "Inno.Native.Bgfx.Tests", "tests\\Inno.Native.Bgfx.Tests\\Inno.Native.Bgfx.Tests.csproj", "{9AAB2B3E-5C3A-4D2E-8F9A-3A4F9B7E6C01}"
EndProject
Project("{FAE04EC0-301F-11D3-BF4B-00C04F79EFBC}") = "Inno.Native.Bgfx.Tools.Tests", "tests\\Inno.Native.Bgfx.Tools.Tests\\Inno.Native.Bgfx.Tools.Tests.csproj", "{D2E7B1A4-9D6B-4E6D-8D21-1D0A4F9E9B02}"
EndProject
Project("{2150E333-8FDC-42A3-9474-1A3956D46DE8}") = "native", "native", "{A4D2C1A6-70C3-4A4B-8E3C-7EAF5C0B1D6F}"
EndProject
Project("{2150E333-8FDC-42A3-9474-1A3956D46DE8}") = "tests", "tests", "{B7F13E20-4F12-4C14-9C2D-9A8451C7B4E9}"
EndProject
Project("{2150E333-8FDC-42A3-9474-1A3956D46DE8}") = "build", "build", "{47891007-1E47-4233-87C7-9448692ECDED}"
EndProject
Project("{2150E333-8FDC-42A3-9474-1A3956D46DE8}") = "bgfx", "bgfx", "{106E0154-2FA7-4601-9ABB-AECCC511228D}"
EndProject
Project("{2150E333-8FDC-42A3-9474-1A3956D46DE8}") = "imgui", "imgui", "{6986A5B5-F845-46B1-A71A-6548943510AD}"
EndProject
Project("{2150E333-8FDC-42A3-9474-1A3956D46DE8}") = "sdl", "sdl", "{95AE3E9A-4EB4-4AA6-BD02-E5F4D5DD2691}"
EndProject
Project("{2150E333-8FDC-42A3-9474-1A3956D46DE8}") = "bgfx", "bgfx", "{15B277F8-4336-4400-9EA5-B8025158F7DC}"
EndProject
Project("{2150E333-8FDC-42A3-9474-1A3956D46DE8}") = "sdl", "sdl", "{E150A1E0-FC33-459F-BDB7-9C6C7B5087F9}"
EndProject
Project("{2150E333-8FDC-42A3-9474-1A3956D46DE8}") = "Imgui", "Imgui", "{F61A50FF-E678-409F-A807-1009BA71A2F2}"
EndProject
Global
	GlobalSection(SolutionConfigurationPlatforms) = preSolution
		Debug|Any CPU = Debug|Any CPU
		Release|Any CPU = Release|Any CPU
	EndGlobalSection
	GlobalSection(ProjectConfigurationPlatforms) = postSolution
		{2B3C2546-F897-4F41-8B2C-B8A40B6A36D0}.Debug|Any CPU.ActiveCfg = Debug|Any CPU
		{2B3C2546-F897-4F41-8B2C-B8A40B6A36D0}.Debug|Any CPU.Build.0 = Debug|Any CPU
		{2B3C2546-F897-4F41-8B2C-B8A40B6A36D0}.Release|Any CPU.ActiveCfg = Release|Any CPU
		{2B3C2546-F897-4F41-8B2C-B8A40B6A36D0}.Release|Any CPU.Build.0 = Release|Any CPU
		{8E5FD8CE-B8F7-4F89-9A4E-0E4B0A6B1C7B}.Debug|Any CPU.ActiveCfg = Debug|Any CPU
		{8E5FD8CE-B8F7-4F89-9A4E-0E4B0A6B1C7B}.Debug|Any CPU.Build.0 = Debug|Any CPU
		{8E5FD8CE-B8F7-4F89-9A4E-0E4B0A6B1C7B}.Release|Any CPU.ActiveCfg = Release|Any CPU
		{8E5FD8CE-B8F7-4F89-9A4E-0E4B0A6B1C7B}.Release|Any CPU.Build.0 = Release|Any CPU
		{2C4A9FCD-72D2-4ED9-B5F3-EDC389FF2F30}.Debug|Any CPU.ActiveCfg = Debug|Any CPU
		{2C4A9FCD-72D2-4ED9-B5F3-EDC389FF2F30}.Debug|Any CPU.Build.0 = Debug|Any CPU
		{2C4A9FCD-72D2-4ED9-B5F3-EDC389FF2F30}.Release|Any CPU.ActiveCfg = Release|Any CPU
		{2C4A9FCD-72D2-4ED9-B5F3-EDC389FF2F30}.Release|Any CPU.Build.0 = Release|Any CPU
		{1B6E3F0A-1F6B-4B0A-8C1E-8C2F5E8A2C9D}.Debug|Any CPU.ActiveCfg = Debug|Any CPU
		{1B6E3F0A-1F6B-4B0A-8C1E-8C2F5E8A2C9D}.Debug|Any CPU.Build.0 = Debug|Any CPU
		{1B6E3F0A-1F6B-4B0A-8C1E-8C2F5E8A2C9D}.Release|Any CPU.ActiveCfg = Release|Any CPU
		{1B6E3F0A-1F6B-4B0A-8C1E-8C2F5E8A2C9D}.Release|Any CPU.Build.0 = Release|Any CPU
		{EE26B2A1-CEED-43BD-99FB-E66B35DDF999}.Debug|Any CPU.ActiveCfg = Debug|Any CPU
		{EE26B2A1-CEED-43BD-99FB-E66B35DDF999}.Debug|Any CPU.Build.0 = Debug|Any CPU
		{EE26B2A1-CEED-43BD-99FB-E66B35DDF999}.Release|Any CPU.ActiveCfg = Release|Any CPU
		{EE26B2A1-CEED-43BD-99FB-E66B35DDF999}.Release|Any CPU.Build.0 = Release|Any CPU
		{1B992CE3-8F21-4852-B1F1-3710384C8A50}.Debug|Any CPU.ActiveCfg = Debug|Any CPU
		{1B992CE3-8F21-4852-B1F1-3710384C8A50}.Debug|Any CPU.Build.0 = Debug|Any CPU
		{1B992CE3-8F21-4852-B1F1-3710384C8A50}.Release|Any CPU.ActiveCfg = Release|Any CPU
		{1B992CE3-8F21-4852-B1F1-3710384C8A50}.Release|Any CPU.Build.0 = Release|Any CPU
		{7D142685-2FCD-46F9-AE5C-A6A1E62ADDEE}.Debug|Any CPU.ActiveCfg = Debug|Any CPU
		{7D142685-2FCD-46F9-AE5C-A6A1E62ADDEE}.Debug|Any CPU.Build.0 = Debug|Any CPU
		{7D142685-2FCD-46F9-AE5C-A6A1E62ADDEE}.Release|Any CPU.ActiveCfg = Release|Any CPU
		{7D142685-2FCD-46F9-AE5C-A6A1E62ADDEE}.Release|Any CPU.Build.0 = Release|Any CPU
		{DF05ABF7-1CB2-488C-8FF7-2A6F440DF904}.Debug|Any CPU.ActiveCfg = Debug|Any CPU
		{DF05ABF7-1CB2-488C-8FF7-2A6F440DF904}.Debug|Any CPU.Build.0 = Debug|Any CPU
		{DF05ABF7-1CB2-488C-8FF7-2A6F440DF904}.Release|Any CPU.ActiveCfg = Release|Any CPU
		{DF05ABF7-1CB2-488C-8FF7-2A6F440DF904}.Release|Any CPU.Build.0 = Release|Any CPU
		{2E1E98AC-8D37-4E17-9D8E-2E9B35D31807}.Debug|Any CPU.ActiveCfg = Debug|Any CPU
		{2E1E98AC-8D37-4E17-9D8E-2E9B35D31807}.Debug|Any CPU.Build.0 = Debug|Any CPU
		{2E1E98AC-8D37-4E17-9D8E-2E9B35D31807}.Release|Any CPU.ActiveCfg = Release|Any CPU
		{2E1E98AC-8D37-4E17-9D8E-2E9B35D31807}.Release|Any CPU.Build.0 = Release|Any CPU
		{4E0B5F68-7D2B-4F5A-9A2E-19C87D2A9A72}.Debug|Any CPU.ActiveCfg = Debug|Any CPU
		{4E0B5F68-7D2B-4F5A-9A2E-19C87D2A9A72}.Debug|Any CPU.Build.0 = Debug|Any CPU
		{4E0B5F68-7D2B-4F5A-9A2E-19C87D2A9A72}.Release|Any CPU.ActiveCfg = Release|Any CPU
		{4E0B5F68-7D2B-4F5A-9A2E-19C87D2A9A72}.Release|Any CPU.Build.0 = Release|Any CPU
		{F4DAED1E-21D0-4C17-BF11-94EA06EFBBA5}.Debug|Any CPU.ActiveCfg = Debug|Any CPU
		{F4DAED1E-21D0-4C17-BF11-94EA06EFBBA5}.Debug|Any CPU.Build.0 = Debug|Any CPU
		{F4DAED1E-21D0-4C17-BF11-94EA06EFBBA5}.Release|Any CPU.ActiveCfg = Release|Any CPU
		{F4DAED1E-21D0-4C17-BF11-94EA06EFBBA5}.Release|Any CPU.Build.0 = Release|Any CPU
		{37FE572C-8E8D-4AA6-ACDF-6BE6BCDD02A5}.Debug|Any CPU.ActiveCfg = Debug|Any CPU
		{37FE572C-8E8D-4AA6-ACDF-6BE6BCDD02A5}.Debug|Any CPU.Build.0 = Debug|Any CPU
		{37FE572C-8E8D-4AA6-ACDF-6BE6BCDD02A5}.Release|Any CPU.ActiveCfg = Release|Any CPU
		{37FE572C-8E8D-4AA6-ACDF-6BE6BCDD02A5}.Release|Any CPU.Build.0 = Release|Any CPU
		{6E0A4E7C-7C89-4B7B-8E76-1A9B8C2F2B52}.Debug|Any CPU.ActiveCfg = Debug|Any CPU
		{6E0A4E7C-7C89-4B7B-8E76-1A9B8C2F2B52}.Debug|Any CPU.Build.0 = Debug|Any CPU
		{6E0A4E7C-7C89-4B7B-8E76-1A9B8C2F2B52}.Release|Any CPU.ActiveCfg = Release|Any CPU
		{6E0A4E7C-7C89-4B7B-8E76-1A9B8C2F2B52}.Release|Any CPU.Build.0 = Release|Any CPU
		{4E1D7C77-2F5C-4F6E-8B1F-5A6D8D7A1E32}.Debug|Any CPU.ActiveCfg = Debug|Any CPU
		{4E1D7C77-2F5C-4F6E-8B1F-5A6D8D7A1E32}.Debug|Any CPU.Build.0 = Debug|Any CPU
		{4E1D7C77-2F5C-4F6E-8B1F-5A6D8D7A1E32}.Release|Any CPU.ActiveCfg = Release|Any CPU
		{4E1D7C77-2F5C-4F6E-8B1F-5A6D8D7A1E32}.Release|Any CPU.Build.0 = Release|Any CPU
		{7B3F9C01-2C23-4A9D-8E2E-0B2A9E1D7C44}.Debug|Any CPU.ActiveCfg = Debug|Any CPU
		{7B3F9C01-2C23-4A9D-8E2E-0B2A9E1D7C44}.Debug|Any CPU.Build.0 = Debug|Any CPU
		{7B3F9C01-2C23-4A9D-8E2E-0B2A9E1D7C44}.Release|Any CPU.ActiveCfg = Release|Any CPU
		{7B3F9C01-2C23-4A9D-8E2E-0B2A9E1D7C44}.Release|Any CPU.Build.0 = Release|Any CPU
		{9AAB2B3E-5C3A-4D2E-8F9A-3A4F9B7E6C01}.Debug|Any CPU.ActiveCfg = Debug|Any CPU
		{9AAB2B3E-5C3A-4D2E-8F9A-3A4F9B7E6C01}.Debug|Any CPU.Build.0 = Debug|Any CPU
		{9AAB2B3E-5C3A-4D2E-8F9A-3A4F9B7E6C01}.Release|Any CPU.ActiveCfg = Release|Any CPU
		{9AAB2B3E-5C3A-4D2E-8F9A-3A4F9B7E6C01}.Release|Any CPU.Build.0 = Release|Any CPU
		{D2E7B1A4-9D6B-4E6D-8D21-1D0A4F9E9B02}.Debug|Any CPU.ActiveCfg = Debug|Any CPU
		{D2E7B1A4-9D6B-4E6D-8D21-1D0A4F9E9B02}.Debug|Any CPU.Build.0 = Debug|Any CPU
		{D2E7B1A4-9D6B-4E6D-8D21-1D0A4F9E9B02}.Release|Any CPU.ActiveCfg = Release|Any CPU
		{D2E7B1A4-9D6B-4E6D-8D21-1D0A4F9E9B02}.Release|Any CPU.Build.0 = Release|Any CPU
	EndGlobalSection
	GlobalSection(NestedProjects) = preSolution
		{2C4A9FCD-72D2-4ED9-B5F3-EDC389FF2F30} = {47891007-1E47-4233-87C7-9448692ECDED}
		{7B3F9C01-2C23-4A9D-8E2E-0B2A9E1D7C44} = {A4D2C1A6-70C3-4A4B-8E3C-7EAF5C0B1D6F}
		{9AAB2B3E-5C3A-4D2E-8F9A-3A4F9B7E6C01} = {B7F13E20-4F12-4C14-9C2D-9A8451C7B4E9}
		{D2E7B1A4-9D6B-4E6D-8D21-1D0A4F9E9B02} = {B7F13E20-4F12-4C14-9C2D-9A8451C7B4E9}
		{4E0B5F68-7D2B-4F5A-9A2E-19C87D2A9A72} = {B7F13E20-4F12-4C14-9C2D-9A8451C7B4E9}
		{37FE572C-8E8D-4AA6-ACDF-6BE6BCDD02A5} = {B7F13E20-4F12-4C14-9C2D-9A8451C7B4E9}
		{106E0154-2FA7-4601-9ABB-AECCC511228D} = {47891007-1E47-4233-87C7-9448692ECDED}
		{2B3C2546-F897-4F41-8B2C-B8A40B6A36D0} = {106E0154-2FA7-4601-9ABB-AECCC511228D}
		{1B6E3F0A-1F6B-4B0A-8C1E-8C2F5E8A2C9D} = {106E0154-2FA7-4601-9ABB-AECCC511228D}
		{8E5FD8CE-B8F7-4F89-9A4E-0E4B0A6B1C7B} = {106E0154-2FA7-4601-9ABB-AECCC511228D}
		{6986A5B5-F845-46B1-A71A-6548943510AD} = {47891007-1E47-4233-87C7-9448692ECDED}
		{7D142685-2FCD-46F9-AE5C-A6A1E62ADDEE} = {6986A5B5-F845-46B1-A71A-6548943510AD}
		{DF05ABF7-1CB2-488C-8FF7-2A6F440DF904} = {6986A5B5-F845-46B1-A71A-6548943510AD}
		{95AE3E9A-4EB4-4AA6-BD02-E5F4D5DD2691} = {47891007-1E47-4233-87C7-9448692ECDED}
		{EE26B2A1-CEED-43BD-99FB-E66B35DDF999} = {95AE3E9A-4EB4-4AA6-BD02-E5F4D5DD2691}
		{1B992CE3-8F21-4852-B1F1-3710384C8A50} = {95AE3E9A-4EB4-4AA6-BD02-E5F4D5DD2691}
		{15B277F8-4336-4400-9EA5-B8025158F7DC} = {A4D2C1A6-70C3-4A4B-8E3C-7EAF5C0B1D6F}
		{6E0A4E7C-7C89-4B7B-8E76-1A9B8C2F2B52} = {15B277F8-4336-4400-9EA5-B8025158F7DC}
		{4E1D7C77-2F5C-4F6E-8B1F-5A6D8D7A1E32} = {15B277F8-4336-4400-9EA5-B8025158F7DC}
		{E150A1E0-FC33-459F-BDB7-9C6C7B5087F9} = {A4D2C1A6-70C3-4A4B-8E3C-7EAF5C0B1D6F}
		{2E1E98AC-8D37-4E17-9D8E-2E9B35D31807} = {E150A1E0-FC33-459F-BDB7-9C6C7B5087F9}
		{F61A50FF-E678-409F-A807-1009BA71A2F2} = {A4D2C1A6-70C3-4A4B-8E3C-7EAF5C0B1D6F}
		{F4DAED1E-21D0-4C17-BF11-94EA06EFBBA5} = {F61A50FF-E678-409F-A807-1009BA71A2F2}
	EndGlobalSection
EndGlobal
