Microsoft Visual Studio Solution File, Format Version 12.00
# Visual Studio Version 17
VisualStudioVersion = 17.0.31903.59
MinimumVisualStudioVersion = 10.0.40219.1
Project("{2150E333-8FDC-42A3-9474-1A3956D46DE8}") = "build", "build", "{DE23F034-C571-455F-85F4-5C710454A5FA}"
EndProject
Project("{2150E333-8FDC-42A3-9474-1A3956D46DE8}") = "pipeline", "pipeline", "{EB6D2A1B-9168-40E3-BF0E-6F3616977EC0}"
EndProject
Project("{FAE04EC0-301F-11D3-BF4B-00C04F79EFBC}") = "Inno.Build.Cli", "build\pipeline\Inno.Build.Cli\Inno.Build.Cli.csproj", "{68BEED6D-BCF7-4756-9F8F-1B3E8000EDD9}"
EndProject
Project("{FAE04EC0-301F-11D3-BF4B-00C04F79EFBC}") = "Inno.Build.Platform.MacOS", "build\pipeline\Inno.Build.Platform.MacOS\Inno.Build.Platform.MacOS.csproj", "{B31542D9-1C42-45E7-B84E-15B12233B5B1}"
EndProject
Project("{FAE04EC0-301F-11D3-BF4B-00C04F79EFBC}") = "Inno.Build.Platform.Windows", "build\pipeline\Inno.Build.Platform.Windows\Inno.Build.Platform.Windows.csproj", "{622F67C2-8526-4ACC-BBEF-9D49BCA4F05B}"
EndProject
Project("{FAE04EC0-301F-11D3-BF4B-00C04F79EFBC}") = "Inno.Build", "build\pipeline\Inno.Build\Inno.Build.csproj", "{C12BF179-418E-4BF9-BAD6-C1869539A10B}"
EndProject
Project("{2150E333-8FDC-42A3-9474-1A3956D46DE8}") = "support", "support", "{46BA87AD-031B-4150-9E7E-AC18561B50E7}"
EndProject
Project("{FAE04EC0-301F-11D3-BF4B-00C04F79EFBC}") = "Inno.Build.SupportPacks", "build\support\Inno.Build.SupportPacks\Inno.Build.SupportPacks.csproj", "{A57BC717-DDAD-445F-87D2-DDD1336D4D15}"
EndProject
Project("{2150E333-8FDC-42A3-9474-1A3956D46DE8}") = "toolchains", "toolchains", "{ABB33767-92C6-407F-987D-272E83B06D4C}"
EndProject
Project("{FAE04EC0-301F-11D3-BF4B-00C04F79EFBC}") = "Inno.Build.Toolchains.Bgfx.Tools", "build\toolchains\Inno.Build.Toolchains.Bgfx.Tools\Inno.Build.Toolchains.Bgfx.Tools.csproj", "{EC9A1372-8024-4101-978B-360BCFE29790}"
EndProject
Project("{FAE04EC0-301F-11D3-BF4B-00C04F79EFBC}") = "Inno.Build.Toolchains.Bgfx", "build\toolchains\Inno.Build.Toolchains.Bgfx\Inno.Build.Toolchains.Bgfx.csproj", "{5999F77A-A950-4192-AC52-E0E2226BE175}"
EndProject
Project("{FAE04EC0-301F-11D3-BF4B-00C04F79EFBC}") = "Inno.Build.Toolchains.ImGui", "build\toolchains\Inno.Build.Toolchains.ImGui\Inno.Build.Toolchains.ImGui.csproj", "{8FAC55C4-8362-4208-8F7F-36C92AF9CDF8}"
EndProject
Project("{FAE04EC0-301F-11D3-BF4B-00C04F79EFBC}") = "Inno.Build.Toolchains.ImGuizmo", "build\toolchains\Inno.Build.Toolchains.ImGuizmo\Inno.Build.Toolchains.ImGuizmo.csproj", "{FD94A463-8D44-4CF7-8AE4-28359AF130DB}"
EndProject
Project("{FAE04EC0-301F-11D3-BF4B-00C04F79EFBC}") = "Inno.Build.Toolchains.Sdl3", "build\toolchains\Inno.Build.Toolchains.Sdl3\Inno.Build.Toolchains.Sdl3.csproj", "{5CE66AD0-DFB5-4F80-9A72-5250DC52BFC9}"
EndProject
Project("{FAE04EC0-301F-11D3-BF4B-00C04F79EFBC}") = "Inno.Build.Toolchains", "build\toolchains\Inno.Build.Toolchains\Inno.Build.Toolchains.csproj", "{DF8281A8-B54A-485C-A9D5-AFBE9F5EFD8B}"
EndProject
Project("{2150E333-8FDC-42A3-9474-1A3956D46DE8}") = "native", "native", "{304A48B8-A137-4877-AADE-FA93686D1127}"
EndProject
Project("{FAE04EC0-301F-11D3-BF4B-00C04F79EFBC}") = "Inno.Native.Bgfx.Tools", "native\Inno.Native.Bgfx.Tools\Inno.Native.Bgfx.Tools.csproj", "{8AB435C8-FB35-4064-992E-DFC3B2289D9F}"
EndProject
Project("{FAE04EC0-301F-11D3-BF4B-00C04F79EFBC}") = "Inno.Native.Bgfx", "native\Inno.Native.Bgfx\Inno.Native.Bgfx.csproj", "{16A94595-3BC9-4BF4-851D-5FC78FF62018}"
EndProject
Project("{FAE04EC0-301F-11D3-BF4B-00C04F79EFBC}") = "Inno.Native.ImGui", "native\Inno.Native.ImGui\Inno.Native.ImGui.csproj", "{7E58B4D1-FFAE-449B-A351-6796F9A91F8F}"
EndProject
Project("{FAE04EC0-301F-11D3-BF4B-00C04F79EFBC}") = "Inno.Native.ImGuizmo", "native\Inno.Native.ImGuizmo\Inno.Native.ImGuizmo.csproj", "{1EA28738-D5F0-458B-9166-1AE9E933FA07}"
EndProject
Project("{FAE04EC0-301F-11D3-BF4B-00C04F79EFBC}") = "Inno.Native.LibraryLoading", "native\Inno.Native.LibraryLoading\Inno.Native.LibraryLoading.csproj", "{5995F74F-F8F5-4D0F-A988-B57C04905B68}"
EndProject
Project("{FAE04EC0-301F-11D3-BF4B-00C04F79EFBC}") = "Inno.Native.Sdl3", "native\Inno.Native.Sdl3\Inno.Native.Sdl3.csproj", "{6B6BAB40-E5C5-4965-9682-7D6AC3FE936D}"
EndProject
Project("{2150E333-8FDC-42A3-9474-1A3956D46DE8}") = "src", "src", "{3D60B0C5-D01B-4CF9-AAE3-8BCEF8229B7A}"
EndProject
Project("{2150E333-8FDC-42A3-9474-1A3956D46DE8}") = "assets", "assets", "{96D9E300-4DD5-4F9E-85FE-220DFEDD3CC8}"
EndProject
Project("{FAE04EC0-301F-11D3-BF4B-00C04F79EFBC}") = "Inno.Assets.Pipeline", "src\assets\Inno.Assets.Pipeline\Inno.Assets.Pipeline.csproj", "{D1195814-D6A5-40E7-BF82-7B035581496B}"
EndProject
Project("{FAE04EC0-301F-11D3-BF4B-00C04F79EFBC}") = "Inno.Assets", "src\assets\Inno.Assets\Inno.Assets.csproj", "{4CF207E2-26DF-4C93-B118-2B516FE26F6C}"
EndProject
Project("{2150E333-8FDC-42A3-9474-1A3956D46DE8}") = "core", "core", "{3BB28C37-744C-4596-89C6-DC6E0FEC02D2}"
EndProject
Project("{FAE04EC0-301F-11D3-BF4B-00C04F79EFBC}") = "Inno.Core.Coroutines", "src\core\Inno.Core.Coroutines\Inno.Core.Coroutines.csproj", "{3E3AC769-D782-4868-9E63-410894D6D6F4}"
EndProject
Project("{FAE04EC0-301F-11D3-BF4B-00C04F79EFBC}") = "Inno.Core.Diagnostics", "src\core\Inno.Core.Diagnostics\Inno.Core.Diagnostics.csproj", "{23B9F417-3AC9-4B28-8226-C0E327249FC1}"
EndProject
Project("{FAE04EC0-301F-11D3-BF4B-00C04F79EFBC}") = "Inno.Core.Events", "src\core\Inno.Core.Events\Inno.Core.Events.csproj", "{7922E16A-C1E4-4668-B4C2-7386FDD231CE}"
EndProject
Project("{FAE04EC0-301F-11D3-BF4B-00C04F79EFBC}") = "Inno.Core.Graphs", "src\core\Inno.Core.Graphs\Inno.Core.Graphs.csproj", "{FFEE1959-7068-4DBE-8F83-95D7D2E7BDB2}"
EndProject
Project("{FAE04EC0-301F-11D3-BF4B-00C04F79EFBC}") = "Inno.Core.Identity", "src\core\Inno.Core.Identity\Inno.Core.Identity.csproj", "{813ACCB2-3206-4E66-AB6E-4AEE0ACFECDB}"
EndProject
Project("{FAE04EC0-301F-11D3-BF4B-00C04F79EFBC}") = "Inno.Core.Input", "src\core\Inno.Core.Input\Inno.Core.Input.csproj", "{546B2835-D992-47E1-AE8F-E36A6DAA4C98}"
EndProject
Project("{FAE04EC0-301F-11D3-BF4B-00C04F79EFBC}") = "Inno.Core.Jobs", "src\core\Inno.Core.Jobs\Inno.Core.Jobs.csproj", "{D4E25917-A46E-435A-AD84-5CC91D814B27}"
EndProject
Project("{FAE04EC0-301F-11D3-BF4B-00C04F79EFBC}") = "Inno.Core.Logging", "src\core\Inno.Core.Logging\Inno.Core.Logging.csproj", "{BD120537-0611-48E8-8073-66F0EFBDEA68}"
EndProject
Project("{FAE04EC0-301F-11D3-BF4B-00C04F79EFBC}") = "Inno.Core.Mathematics", "src\core\Inno.Core.Mathematics\Inno.Core.Mathematics.csproj", "{F3BAF793-0800-4FD6-BD2C-0590E1C8552C}"
EndProject
Project("{FAE04EC0-301F-11D3-BF4B-00C04F79EFBC}") = "Inno.Core.Serialization.Generators", "src\core\Inno.Core.Serialization.Generators\Inno.Core.Serialization.Generators.csproj", "{E81E922A-A54C-4D6C-9BDD-04134A795EAD}"
EndProject
Project("{FAE04EC0-301F-11D3-BF4B-00C04F79EFBC}") = "Inno.Core.Serialization", "src\core\Inno.Core.Serialization\Inno.Core.Serialization.csproj", "{964F82AB-1BDF-479F-8D0C-41211B02B2DB}"
EndProject
Project("{FAE04EC0-301F-11D3-BF4B-00C04F79EFBC}") = "Inno.Core.Settings", "src\core\Inno.Core.Settings\Inno.Core.Settings.csproj", "{209B6E01-2E85-47FB-9A94-759F148882DE}"
EndProject
Project("{FAE04EC0-301F-11D3-BF4B-00C04F79EFBC}") = "Inno.Core.Storage", "src\core\Inno.Core.Storage\Inno.Core.Storage.csproj", "{95EA028D-E6AD-4B5E-8B69-F9F45BF916B0}"
EndProject
Project("{2150E333-8FDC-42A3-9474-1A3956D46DE8}") = "editor", "editor", "{F31DAA54-96B1-49BD-B7D7-3C036F60B1BB}"
EndProject
Project("{FAE04EC0-301F-11D3-BF4B-00C04F79EFBC}") = "Inno.Editor.Application", "src\editor\Inno.Editor.Application\Inno.Editor.Application.csproj", "{FBE02075-4C35-4E6B-B181-931064034E1B}"
EndProject
Project("{FAE04EC0-301F-11D3-BF4B-00C04F79EFBC}") = "Inno.Editor.Core", "src\editor\Inno.Editor.Core\Inno.Editor.Core.csproj", "{8F7EA7E8-682F-4D33-8174-0C228918A3B5}"
EndProject
Project("{FAE04EC0-301F-11D3-BF4B-00C04F79EFBC}") = "Inno.Editor.Diagnostics", "src\editor\Inno.Editor.Diagnostics\Inno.Editor.Diagnostics.csproj", "{6351AD70-7909-443F-9A18-76303E9599B4}"
EndProject
Project("{FAE04EC0-301F-11D3-BF4B-00C04F79EFBC}") = "Inno.Editor.Exporting", "src\editor\Inno.Editor.Exporting\Inno.Editor.Exporting.csproj", "{6267F747-15B3-4D51-A304-22FA6FF12FE0}"
EndProject
Project("{FAE04EC0-301F-11D3-BF4B-00C04F79EFBC}") = "Inno.Editor.Graph", "src\editor\Inno.Editor.Graph\Inno.Editor.Graph.csproj", "{63A9723D-6EAF-40B0-92C6-41B508115B43}"
EndProject
Project("{FAE04EC0-301F-11D3-BF4B-00C04F79EFBC}") = "Inno.Editor.ImGui", "src\editor\Inno.Editor.ImGui\Inno.Editor.ImGui.csproj", "{62D0E0E2-0C16-40C5-B5B6-ACB73D0B8A61}"
EndProject
Project("{FAE04EC0-301F-11D3-BF4B-00C04F79EFBC}") = "Inno.Editor.Inspection", "src\editor\Inno.Editor.Inspection\Inno.Editor.Inspection.csproj", "{112BDAD0-245F-4730-A868-4AA5D7162E74}"
EndProject
Project("{FAE04EC0-301F-11D3-BF4B-00C04F79EFBC}") = "Inno.Editor.Interactions", "src\editor\Inno.Editor.Interactions\Inno.Editor.Interactions.csproj", "{158A7EFF-99AD-40BF-B765-C2711C39DBE6}"
EndProject
Project("{FAE04EC0-301F-11D3-BF4B-00C04F79EFBC}") = "Inno.Editor.PlayMode", "src\editor\Inno.Editor.PlayMode\Inno.Editor.PlayMode.csproj", "{EC99A22E-FE5B-4A5C-A95C-2461ED3FE1E7}"
EndProject
Project("{FAE04EC0-301F-11D3-BF4B-00C04F79EFBC}") = "Inno.Editor.Rendering", "src\editor\Inno.Editor.Rendering\Inno.Editor.Rendering.csproj", "{32A80B1A-9C94-4142-8A96-9579B6113DEB}"
EndProject
Project("{FAE04EC0-301F-11D3-BF4B-00C04F79EFBC}") = "Inno.Editor.Scene", "src\editor\Inno.Editor.Scene\Inno.Editor.Scene.csproj", "{874FF3FA-A63E-432B-976B-03E7FB3A1646}"
EndProject
Project("{FAE04EC0-301F-11D3-BF4B-00C04F79EFBC}") = "Inno.Editor.Scripting", "src\editor\Inno.Editor.Scripting\Inno.Editor.Scripting.csproj", "{0D4D9EFC-6424-4B61-AA27-D50BFB7B9CB5}"
EndProject
Project("{FAE04EC0-301F-11D3-BF4B-00C04F79EFBC}") = "Inno.Editor.Settings", "src\editor\Inno.Editor.Settings\Inno.Editor.Settings.csproj", "{4D9E6C36-B1B4-42BB-AAB2-757960F74B96}"
EndProject
Project("{2150E333-8FDC-42A3-9474-1A3956D46DE8}") = "Panels", "Panels", "{265D9312-B8CC-46C7-9F2F-13EA2F86A3DC}"
EndProject
Project("{FAE04EC0-301F-11D3-BF4B-00C04F79EFBC}") = "Inno.Editor.Panel.FileBrowser", "src\editor\Panels\Inno.Editor.Panel.FileBrowser\Inno.Editor.Panel.FileBrowser.csproj", "{3F3E5448-3C50-455E-A18A-8057D5153231}"
EndProject
Project("{FAE04EC0-301F-11D3-BF4B-00C04F79EFBC}") = "Inno.Editor.Panel.GameView", "src\editor\Panels\Inno.Editor.Panel.GameView\Inno.Editor.Panel.GameView.csproj", "{7EF925D1-9D9C-44D4-9B41-9D8A07A000BA}"
EndProject
Project("{FAE04EC0-301F-11D3-BF4B-00C04F79EFBC}") = "Inno.Editor.Panel.Global", "src\editor\Panels\Inno.Editor.Panel.Global\Inno.Editor.Panel.Global.csproj", "{A32DDE6E-BA0D-40AA-BED3-1A10049D59BC}"
EndProject
Project("{FAE04EC0-301F-11D3-BF4B-00C04F79EFBC}") = "Inno.Editor.Panel.Hierarchy", "src\editor\Panels\Inno.Editor.Panel.Hierarchy\Inno.Editor.Panel.Hierarchy.csproj", "{720483C6-D06B-481D-8899-E1D9BD654EDA}"
EndProject
Project("{FAE04EC0-301F-11D3-BF4B-00C04F79EFBC}") = "Inno.Editor.Panel.Inspector", "src\editor\Panels\Inno.Editor.Panel.Inspector\Inno.Editor.Panel.Inspector.csproj", "{37EFCF00-19A6-497D-8E6B-49876C9E1985}"
EndProject
Project("{FAE04EC0-301F-11D3-BF4B-00C04F79EFBC}") = "Inno.Editor.Panel.Logging", "src\editor\Panels\Inno.Editor.Panel.Logging\Inno.Editor.Panel.Logging.csproj", "{860DF6A9-D1D5-49E3-9CE5-D2DE347CEED0}"
EndProject
Project("{FAE04EC0-301F-11D3-BF4B-00C04F79EFBC}") = "Inno.Editor.Panel.SceneView", "src\editor\Panels\Inno.Editor.Panel.SceneView\Inno.Editor.Panel.SceneView.csproj", "{CC850199-5215-408E-BB06-4B80395A17AB}"
EndProject
Project("{FAE04EC0-301F-11D3-BF4B-00C04F79EFBC}") = "Inno.Editor.Panel.Settings", "src\editor\Panels\Inno.Editor.Panel.Settings\Inno.Editor.Panel.Settings.csproj", "{62F87567-0571-43C5-B380-C17EFD4404DD}"
EndProject
Project("{FAE04EC0-301F-11D3-BF4B-00C04F79EFBC}") = "Inno.Editor.Panel.ShaderGraph", "src\editor\Panels\Inno.Editor.Panel.ShaderGraph\Inno.Editor.Panel.ShaderGraph.csproj", "{A441C37F-B451-4B47-AAB2-2CA4EAEBA170}"
EndProject
Project("{FAE04EC0-301F-11D3-BF4B-00C04F79EFBC}") = "Inno.Editor.Panel.Stats", "src\editor\Panels\Inno.Editor.Panel.Stats\Inno.Editor.Panel.Stats.csproj", "{C6F2FA90-1B02-4F7A-B610-CB7A2C3F99B9}"
EndProject
Project("{2150E333-8FDC-42A3-9474-1A3956D46DE8}") = "extensibility", "extensibility", "{107ED04B-1A71-4C7C-87DA-07CB2ECE590F}"
EndProject
Project("{FAE04EC0-301F-11D3-BF4B-00C04F79EFBC}") = "Inno.Extensibility.Modules", "src\extensibility\Inno.Extensibility.Modules\Inno.Extensibility.Modules.csproj", "{3159C670-359F-481F-B4C4-90A04103815F}"
EndProject
Project("{FAE04EC0-301F-11D3-BF4B-00C04F79EFBC}") = "Inno.Extensibility.Types", "src\extensibility\Inno.Extensibility.Types\Inno.Extensibility.Types.csproj", "{ADCEF13E-CEB2-445D-A537-AB4C28450749}"
EndProject
Project("{2150E333-8FDC-42A3-9474-1A3956D46DE8}") = "platform", "platform", "{DDFB86C3-248F-4B3B-8133-1269F2D5F203}"
EndProject
Project("{FAE04EC0-301F-11D3-BF4B-00C04F79EFBC}") = "Inno.Platform.Sdl3.ImGui", "src\platform\Inno.Platform.Sdl3.ImGui\Inno.Platform.Sdl3.ImGui.csproj", "{0DD747F7-0B85-4208-BA76-C537F3A64362}"
EndProject
Project("{FAE04EC0-301F-11D3-BF4B-00C04F79EFBC}") = "Inno.Platform.Sdl3", "src\platform\Inno.Platform.Sdl3\Inno.Platform.Sdl3.csproj", "{6092DB32-4A29-410B-B7D7-0842F76427A9}"
EndProject
Project("{FAE04EC0-301F-11D3-BF4B-00C04F79EFBC}") = "Inno.Platform", "src\platform\Inno.Platform\Inno.Platform.csproj", "{1CC3C349-3E26-430D-B6BF-309BCF2ECEE7}"
EndProject
Project("{2150E333-8FDC-42A3-9474-1A3956D46DE8}") = "plugins", "plugins", "{47F077BB-EA30-4B73-8147-44CAFE4E1C17}"
EndProject
Project("{FAE04EC0-301F-11D3-BF4B-00C04F79EFBC}") = "Inno.Plugins.Authoring", "src\plugins\Inno.Plugins.Authoring\Inno.Plugins.Authoring.csproj", "{4624635E-E95D-4A09-8ACC-AD417421361C}"
EndProject
Project("{FAE04EC0-301F-11D3-BF4B-00C04F79EFBC}") = "Inno.Plugins", "src\plugins\Inno.Plugins\Inno.Plugins.csproj", "{09204EC3-B629-41C6-8E63-114E30677410}"
EndProject
Project("{2150E333-8FDC-42A3-9474-1A3956D46DE8}") = "rendering", "rendering", "{EF7F2399-5D6B-4B1E-AE43-CB72AA3A7F78}"
EndProject
Project("{FAE04EC0-301F-11D3-BF4B-00C04F79EFBC}") = "Inno.Rendering.Assets", "src\rendering\Inno.Rendering.Assets\Inno.Rendering.Assets.csproj", "{03A744C8-19FD-4976-96B8-6A083E23E863}"
EndProject
Project("{FAE04EC0-301F-11D3-BF4B-00C04F79EFBC}") = "Inno.Rendering.Bgfx.ImGui", "src\rendering\Inno.Rendering.Bgfx.ImGui\Inno.Rendering.Bgfx.ImGui.csproj", "{B81C0BD6-5751-4164-B8AD-1834E0158703}"
EndProject
Project("{FAE04EC0-301F-11D3-BF4B-00C04F79EFBC}") = "Inno.Rendering.Bgfx", "src\rendering\Inno.Rendering.Bgfx\Inno.Rendering.Bgfx.csproj", "{A2CA697E-FF0A-4BC4-96C1-CC2E0D1DA33E}"
EndProject
Project("{FAE04EC0-301F-11D3-BF4B-00C04F79EFBC}") = "Inno.Rendering.Runtime", "src\rendering\Inno.Rendering.Runtime\Inno.Rendering.Runtime.csproj", "{372D76BF-B319-484F-BA27-5393959A92D3}"
EndProject
Project("{FAE04EC0-301F-11D3-BF4B-00C04F79EFBC}") = "Inno.Rendering.Scene", "src\rendering\Inno.Rendering.Scene\Inno.Rendering.Scene.csproj", "{852CE79A-25DD-4FF0-A36C-49664B2D56D9}"
EndProject
Project("{FAE04EC0-301F-11D3-BF4B-00C04F79EFBC}") = "Inno.Rendering.ShaderGraph", "src\rendering\Inno.Rendering.ShaderGraph\Inno.Rendering.ShaderGraph.csproj", "{F18A1E5C-A25D-41DF-B2A8-21013F314F0C}"
EndProject
Project("{FAE04EC0-301F-11D3-BF4B-00C04F79EFBC}") = "Inno.Rendering", "src\rendering\Inno.Rendering\Inno.Rendering.csproj", "{4310DB2C-837A-425C-BF96-A8A48931B53E}"
EndProject
Project("{2150E333-8FDC-42A3-9474-1A3956D46DE8}") = "runtime", "runtime", "{C2B99C13-4067-4DB7-8375-02C994D69470}"
EndProject
Project("{FAE04EC0-301F-11D3-BF4B-00C04F79EFBC}") = "Inno.Player", "src\runtime\Inno.Player\Inno.Player.csproj", "{60FD606B-CE9A-4804-9852-98DA35708B4E}"
EndProject
Project("{FAE04EC0-301F-11D3-BF4B-00C04F79EFBC}") = "Inno.Runtime", "src\runtime\Inno.Runtime\Inno.Runtime.csproj", "{D3649C6D-1498-4F33-B83C-D0B0160B5C75}"
EndProject
Project("{2150E333-8FDC-42A3-9474-1A3956D46DE8}") = "scene", "scene", "{63021944-AB0B-464B-AC55-EDD808E2566D}"
EndProject
Project("{FAE04EC0-301F-11D3-BF4B-00C04F79EFBC}") = "Inno.Scene.Assets", "src\scene\Inno.Scene.Assets\Inno.Scene.Assets.csproj", "{82A42473-08A4-4AFB-996B-5563AAF0C2AE}"
EndProject
Project("{FAE04EC0-301F-11D3-BF4B-00C04F79EFBC}") = "Inno.Scene", "src\scene\Inno.Scene\Inno.Scene.csproj", "{1F897308-0EB2-41DA-BE7E-D7107EE2B92F}"
EndProject
Project("{2150E333-8FDC-42A3-9474-1A3956D46DE8}") = "scripting", "scripting", "{C31D9C96-B62A-4AD5-815D-01BED430E80C}"
EndProject
Project("{FAE04EC0-301F-11D3-BF4B-00C04F79EFBC}") = "Inno.Scripting.Api", "src\scripting\Inno.Scripting.Api\Inno.Scripting.Api.csproj", "{836753BC-D369-4197-9B23-9E3F2751C4DC}"
EndProject
Project("{FAE04EC0-301F-11D3-BF4B-00C04F79EFBC}") = "Inno.Scripting.Compiler", "src\scripting\Inno.Scripting.Compiler\Inno.Scripting.Compiler.csproj", "{90CBDDFC-BBE0-4956-B68D-7F62E348462B}"
EndProject
Project("{FAE04EC0-301F-11D3-BF4B-00C04F79EFBC}") = "Inno.Scripting.Reload", "src\scripting\Inno.Scripting.Reload\Inno.Scripting.Reload.csproj", "{B817139D-F38E-42C5-AE7F-63842325E07E}"
EndProject
Project("{2150E333-8FDC-42A3-9474-1A3956D46DE8}") = "tests", "tests", "{D6BE33BD-7AC1-4C59-AF9A-52C523FABA31}"
EndProject
Project("{2150E333-8FDC-42A3-9474-1A3956D46DE8}") = "assets", "assets", "{157BEA4D-985F-4974-9323-4581B92163D5}"
EndProject
Project("{2150E333-8FDC-42A3-9474-1A3956D46DE8}") = "audio", "audio", "{12207492-F02B-4CE8-8B2B-AE3608F7E7C9}"
EndProject
Project("{2150E333-8FDC-42A3-9474-1A3956D46DE8}") = "build", "build", "{40FC9A0B-6D36-4CBB-A99A-95313E5D2122}"
EndProject
Project("{2150E333-8FDC-42A3-9474-1A3956D46DE8}") = "core", "core", "{98E33FD9-4264-40D5-873B-A73BBFF26F19}"
EndProject
Project("{2150E333-8FDC-42A3-9474-1A3956D46DE8}") = "editor", "editor", "{5B8E6AE9-3636-4299-AB37-F8696D036FDC}"
EndProject
Project("{2150E333-8FDC-42A3-9474-1A3956D46DE8}") = "extensibility", "extensibility", "{5F9BAD0A-6F9C-42E5-AB4C-C7842A068A4B}"
EndProject
Project("{2150E333-8FDC-42A3-9474-1A3956D46DE8}") = "fixtures", "fixtures", "{FFE1958D-5605-4F88-A693-C6146B28BBE0}"
EndProject
Project("{2150E333-8FDC-42A3-9474-1A3956D46DE8}") = "native", "native", "{F6184EF0-70D8-4BBE-AA5A-CBFD122BCCEA}"
EndProject
Project("{2150E333-8FDC-42A3-9474-1A3956D46DE8}") = "player", "player", "{5EFFD0B2-916C-4615-9824-9067369D27E4}"
EndProject
Project("{2150E333-8FDC-42A3-9474-1A3956D46DE8}") = "plugins", "plugins", "{9F6FFFA6-27B0-41CC-83FC-393204F0F344}"
EndProject
Project("{2150E333-8FDC-42A3-9474-1A3956D46DE8}") = "rendering", "rendering", "{784BD946-C173-49A9-A6F7-429A2EA0B336}"
EndProject
Project("{2150E333-8FDC-42A3-9474-1A3956D46DE8}") = "fixtures", "fixtures", "{92C77F0B-AC73-491D-B1B8-214987E0E68C}"
EndProject
Project("{2150E333-8FDC-42A3-9474-1A3956D46DE8}") = "runtime", "runtime", "{985CC4F9-F39F-4691-BE3E-828CD78728D6}"
EndProject
Project("{2150E333-8FDC-42A3-9474-1A3956D46DE8}") = "scene", "scene", "{DDEBAE70-53CA-4877-8D9C-DC5656703794}"
EndProject
Project("{2150E333-8FDC-42A3-9474-1A3956D46DE8}") = "fixtures", "fixtures", "{DD65222C-80A3-4939-8977-19C4BF5CC590}"
EndProject
Project("{2150E333-8FDC-42A3-9474-1A3956D46DE8}") = "scripting", "scripting", "{C704476C-D102-4AD9-9B2F-3F48F8E473D9}"
EndProject
Project("{FAE04EC0-301F-11D3-BF4B-00C04F79EFBC}") = "Inno.Assets.Tests", "tests\Inno.Assets.Tests\Inno.Assets.Tests.csproj", "{AFBC524D-E6C6-4E73-83BF-ADFB9C211DE1}"
EndProject
Project("{FAE04EC0-301F-11D3-BF4B-00C04F79EFBC}") = "Inno.Build.Tests", "tests\Inno.Build.Tests\Inno.Build.Tests.csproj", "{70C219EE-A902-4DFF-BF8D-F1E774B69753}"
EndProject
Project("{FAE04EC0-301F-11D3-BF4B-00C04F79EFBC}") = "Inno.Core.Coroutines.Tests", "tests\Inno.Core.Coroutines.Tests\Inno.Core.Coroutines.Tests.csproj", "{FD075FF9-F198-4853-A61C-57EB267C57F5}"
EndProject
Project("{FAE04EC0-301F-11D3-BF4B-00C04F79EFBC}") = "Inno.Core.Diagnostics.Tests", "tests\Inno.Core.Diagnostics.Tests\Inno.Core.Diagnostics.Tests.csproj", "{4F78471D-89B0-46A5-B8AD-958026088A84}"
EndProject
Project("{FAE04EC0-301F-11D3-BF4B-00C04F79EFBC}") = "Inno.Core.Events.Tests", "tests\Inno.Core.Events.Tests\Inno.Core.Events.Tests.csproj", "{2E6D0857-0E87-494A-A067-73FFE847CE48}"
EndProject
Project("{FAE04EC0-301F-11D3-BF4B-00C04F79EFBC}") = "Inno.Core.Graphs.Tests", "tests\Inno.Core.Graphs.Tests\Inno.Core.Graphs.Tests.csproj", "{C8546545-192F-468B-BDB5-CCBBFA816C7F}"
EndProject
Project("{FAE04EC0-301F-11D3-BF4B-00C04F79EFBC}") = "Inno.Core.Identity.Tests", "tests\Inno.Core.Identity.Tests\Inno.Core.Identity.Tests.csproj", "{F000BEE0-1647-4804-84FD-F285B1DABF6B}"
EndProject
Project("{FAE04EC0-301F-11D3-BF4B-00C04F79EFBC}") = "Inno.Core.Jobs.Tests", "tests\Inno.Core.Jobs.Tests\Inno.Core.Jobs.Tests.csproj", "{90D6EAE3-2DA9-4F51-B4BA-0B45159C87E1}"
EndProject
Project("{FAE04EC0-301F-11D3-BF4B-00C04F79EFBC}") = "Inno.Core.Logging.Tests", "tests\Inno.Core.Logging.Tests\Inno.Core.Logging.Tests.csproj", "{C2D8BE16-6909-4C7F-83F6-BF73A9410958}"
EndProject
Project("{FAE04EC0-301F-11D3-BF4B-00C04F79EFBC}") = "Inno.Core.Mathematics.Tests", "tests\Inno.Core.Mathematics.Tests\Inno.Core.Mathematics.Tests.csproj", "{DD7C7251-40C4-4231-85E2-41DDE89FDDFA}"
EndProject
Project("{FAE04EC0-301F-11D3-BF4B-00C04F79EFBC}") = "Inno.Core.Serialization.Tests", "tests\Inno.Core.Serialization.Tests\Inno.Core.Serialization.Tests.csproj", "{44D2340E-E5AD-422C-B3EB-06A64BBED48E}"
EndProject
Project("{FAE04EC0-301F-11D3-BF4B-00C04F79EFBC}") = "Inno.Core.Storage.Tests", "tests\Inno.Core.Storage.Tests\Inno.Core.Storage.Tests.csproj", "{D302B69F-2F20-4E53-9F41-44C1257CCED0}"
EndProject
Project("{FAE04EC0-301F-11D3-BF4B-00C04F79EFBC}") = "Inno.Editor.Graph.Tests", "tests\Inno.Editor.Graph.Tests\Inno.Editor.Graph.Tests.csproj", "{128E9392-CC6D-4D07-8905-077DFECE0DD3}"
EndProject
Project("{FAE04EC0-301F-11D3-BF4B-00C04F79EFBC}") = "Inno.Editor.Interactions.Tests", "tests\Inno.Editor.Interactions.Tests\Inno.Editor.Interactions.Tests.csproj", "{4116F28D-FA32-4D06-AFC6-13D975FB46C4}"
EndProject
Project("{FAE04EC0-301F-11D3-BF4B-00C04F79EFBC}") = "Inno.Editor.PlayMode.Tests", "tests\Inno.Editor.PlayMode.Tests\Inno.Editor.PlayMode.Tests.csproj", "{A5788F8E-70F6-497C-AF52-91A467D0ADE7}"
EndProject
Project("{FAE04EC0-301F-11D3-BF4B-00C04F79EFBC}") = "Inno.Editor.Scripting.Tests", "tests\Inno.Editor.Scripting.Tests\Inno.Editor.Scripting.Tests.csproj", "{AE1CB78C-A6E6-499C-BA7A-AB54806A5DBF}"
EndProject
Project("{FAE04EC0-301F-11D3-BF4B-00C04F79EFBC}") = "Inno.Extensibility.Modules.TestDependency", "tests\Inno.Extensibility.Modules.TestDependency\Inno.Extensibility.Modules.TestDependency.csproj", "{39D03BF9-C281-4839-AF97-E63975F93E78}"
EndProject
Project("{FAE04EC0-301F-11D3-BF4B-00C04F79EFBC}") = "Inno.Extensibility.Modules.TestModule.Invalid", "tests\Inno.Extensibility.Modules.TestModule.Invalid\Inno.Extensibility.Modules.TestModule.Invalid.csproj", "{57826B17-6F57-4F86-B39E-D351A5B3A339}"
EndProject
Project("{FAE04EC0-301F-11D3-BF4B-00C04F79EFBC}") = "Inno.Extensibility.Modules.TestModule.V1", "tests\Inno.Extensibility.Modules.TestModule.V1\Inno.Extensibility.Modules.TestModule.V1.csproj", "{5CDC3D12-AA6D-44F5-B048-4B781058B491}"
EndProject
Project("{FAE04EC0-301F-11D3-BF4B-00C04F79EFBC}") = "Inno.Extensibility.Modules.TestModule.V2", "tests\Inno.Extensibility.Modules.TestModule.V2\Inno.Extensibility.Modules.TestModule.V2.csproj", "{A76F05BD-DBEA-48B4-8C94-28E2999BDA6C}"
EndProject
Project("{FAE04EC0-301F-11D3-BF4B-00C04F79EFBC}") = "Inno.Extensibility.Modules.Tests", "tests\Inno.Extensibility.Modules.Tests\Inno.Extensibility.Modules.Tests.csproj", "{FBC2CB44-DE10-4B49-86A2-69C116994723}"
EndProject
Project("{FAE04EC0-301F-11D3-BF4B-00C04F79EFBC}") = "Inno.Extensibility.Types.TestAssemblyA", "tests\Inno.Extensibility.Types.TestAssemblyA\Inno.Extensibility.Types.TestAssemblyA.csproj", "{8149A30A-02D3-4F85-801E-AFC0AED810C5}"
EndProject
Project("{FAE04EC0-301F-11D3-BF4B-00C04F79EFBC}") = "Inno.Extensibility.Types.TestAssemblyB", "tests\Inno.Extensibility.Types.TestAssemblyB\Inno.Extensibility.Types.TestAssemblyB.csproj", "{D10E34C8-9DF1-4A69-8ED1-8B3D63319D8D}"
EndProject
Project("{FAE04EC0-301F-11D3-BF4B-00C04F79EFBC}") = "Inno.Extensibility.Types.Tests", "tests\Inno.Extensibility.Types.Tests\Inno.Extensibility.Types.Tests.csproj", "{B33C523A-1216-4096-BC77-2917601769E1}"
EndProject
Project("{FAE04EC0-301F-11D3-BF4B-00C04F79EFBC}") = "Inno.Native.Bgfx.Tests", "tests\Inno.Native.Bgfx.Tests\Inno.Native.Bgfx.Tests.csproj", "{C2D78C59-704C-4243-AACC-CEC597BD78BD}"
EndProject
Project("{FAE04EC0-301F-11D3-BF4B-00C04F79EFBC}") = "Inno.Native.Bgfx.Tools.Tests", "tests\Inno.Native.Bgfx.Tools.Tests\Inno.Native.Bgfx.Tools.Tests.csproj", "{FF7C31DE-35F9-4E20-8B93-41CFCB18ECED}"
EndProject
Project("{FAE04EC0-301F-11D3-BF4B-00C04F79EFBC}") = "Inno.Native.ImGui.Tests", "tests\Inno.Native.ImGui.Tests\Inno.Native.ImGui.Tests.csproj", "{986E2A3F-A003-4BA8-8C8C-689EDBE9EE2D}"
EndProject
Project("{FAE04EC0-301F-11D3-BF4B-00C04F79EFBC}") = "Inno.Native.ImGuizmo.Tests", "tests\Inno.Native.ImGuizmo.Tests\Inno.Native.ImGuizmo.Tests.csproj", "{AB1EEF01-950B-4E7D-9468-7336C33B291F}"
EndProject
Project("{FAE04EC0-301F-11D3-BF4B-00C04F79EFBC}") = "Inno.Native.Sdl3.Tests", "tests\Inno.Native.Sdl3.Tests\Inno.Native.Sdl3.Tests.csproj", "{6FB47C97-B108-4B66-BE34-69437A4FC91D}"
EndProject
Project("{FAE04EC0-301F-11D3-BF4B-00C04F79EFBC}") = "Inno.Rendering.Assets.Tests", "tests\Inno.Rendering.Assets.Tests\Inno.Rendering.Assets.Tests.csproj", "{C8803EFA-9818-41FC-95EC-A347A301FFA5}"
EndProject
Project("{FAE04EC0-301F-11D3-BF4B-00C04F79EFBC}") = "Inno.Rendering.Bgfx.Tests", "tests\Inno.Rendering.Bgfx.Tests\Inno.Rendering.Bgfx.Tests.csproj", "{D761B4FA-8716-4203-A21D-F51084537107}"
EndProject
Project("{FAE04EC0-301F-11D3-BF4B-00C04F79EFBC}") = "Inno.Rendering.Tests", "tests\Inno.Rendering.Tests\Inno.Rendering.Tests.csproj", "{4EE08789-5C77-4C79-BD1B-80FF0E59434F}"
EndProject
Project("{FAE04EC0-301F-11D3-BF4B-00C04F79EFBC}") = "Inno.Rendering.Runtime.Tests", "tests\Inno.Rendering.Runtime.Tests\Inno.Rendering.Runtime.Tests.csproj", "{CA45BD48-F2DC-4126-907F-CFF7E263C258}"
EndProject
Project("{FAE04EC0-301F-11D3-BF4B-00C04F79EFBC}") = "Inno.Rendering.Runtime.Reload.TestModule", "tests\Inno.Rendering.Runtime.Reload.TestModule\Inno.Rendering.Runtime.Reload.TestModule.csproj", "{5B9FCAD1-53A9-4FE4-B840-30933ADBA726}"
EndProject
Project("{FAE04EC0-301F-11D3-BF4B-00C04F79EFBC}") = "Inno.Rendering.ShaderGraph.Tests", "tests\Inno.Rendering.ShaderGraph.Tests\Inno.Rendering.ShaderGraph.Tests.csproj", "{BDF511BB-3810-46CB-A81B-F78D953B4C87}"
EndProject
Project("{FAE04EC0-301F-11D3-BF4B-00C04F79EFBC}") = "Inno.Runtime.Tests", "tests\Inno.Runtime.Tests\Inno.Runtime.Tests.csproj", "{A5CB9195-41B8-4841-A628-C0D38D455316}"
EndProject
Project("{FAE04EC0-301F-11D3-BF4B-00C04F79EFBC}") = "Inno.Scene.Tests", "tests\Inno.Scene.Tests\Inno.Scene.Tests.csproj", "{BD7A5B4D-2E88-4BD0-8D14-F7EB9E1A253C}"
EndProject
Project("{FAE04EC0-301F-11D3-BF4B-00C04F79EFBC}") = "Inno.Scene.Reload.TestModule", "tests\Inno.Scene.Reload.TestModule\Inno.Scene.Reload.TestModule.csproj", "{2FD04E36-9420-4ED2-8FE1-F135D25CA678}"
EndProject
Project("{2150E333-8FDC-42A3-9474-1A3956D46DE8}") = "tools", "tools", "{DFEDE49D-C28D-48A7-8B52-BB5A3B5C422B}"
EndProject
Project("{FAE04EC0-301F-11D3-BF4B-00C04F79EFBC}") = "Inno.Tooling.Architecture", "tools\Inno.Tooling.Architecture\Inno.Tooling.Architecture.csproj", "{E306D60C-C2A8-4CD9-A784-5E01C91BCF5C}"
EndProject
Project("{FAE04EC0-301F-11D3-BF4B-00C04F79EFBC}") = "Inno.Assets.Pipeline.Tests", "tests\Inno.Assets.Pipeline.Tests\Inno.Assets.Pipeline.Tests.csproj", "{618E203B-83E5-4DBC-8DBF-0E57B1EDA314}"
EndProject
Project("{FAE04EC0-301F-11D3-BF4B-00C04F79EFBC}") = "Inno.Plugins.Tests", "tests\Inno.Plugins.Tests\Inno.Plugins.Tests.csproj", "{44698527-46FA-4300-95C7-A0EFFDD3AE81}"
EndProject
Project("{FAE04EC0-301F-11D3-BF4B-00C04F79EFBC}") = "Inno.Player.E2E", "tests\Inno.Player.E2E\Inno.Player.E2E.csproj", "{0D4B7F31-992B-4BB2-941B-0A5C8445D637}"
EndProject
Project("{FAE04EC0-301F-11D3-BF4B-00C04F79EFBC}") = "Inno.Core.IO", "src\core\Inno.Core.IO\Inno.Core.IO.csproj", "{D6DF1319-7754-4374-8EB2-B3D2080F6928}"
EndProject
Project("{FAE04EC0-301F-11D3-BF4B-00C04F79EFBC}") = "Inno.Core.IO.Tests", "tests\Inno.Core.IO.Tests\Inno.Core.IO.Tests.csproj", "{720A0191-A558-4B48-947A-F10F53051985}"
EndProject
Project("{FAE04EC0-301F-11D3-BF4B-00C04F79EFBC}") = "Inno.Native.MiniAudio", "native\Inno.Native.MiniAudio\Inno.Native.MiniAudio.csproj", "{3B7C6CF1-C2C6-4C78-8228-409767104F70}"
EndProject
Project("{FAE04EC0-301F-11D3-BF4B-00C04F79EFBC}") = "Inno.Build.Toolchains.MiniAudio", "build\toolchains\Inno.Build.Toolchains.MiniAudio\Inno.Build.Toolchains.MiniAudio.csproj", "{03BDB159-BF45-4872-8A5F-6BFCEF4B1A5D}"
EndProject
Project("{FAE04EC0-301F-11D3-BF4B-00C04F79EFBC}") = "Inno.Native.MiniAudio.Tests", "tests\Inno.Native.MiniAudio.Tests\Inno.Native.MiniAudio.Tests.csproj", "{FC817548-B626-452B-9505-48E7A9F5E273}"
EndProject
Project("{2150E333-8FDC-42A3-9474-1A3956D46DE8}") = "audio", "audio", "{8236FE81-05F1-4A56-8B5C-B194DDC15270}"
EndProject
Project("{FAE04EC0-301F-11D3-BF4B-00C04F79EFBC}") = "Inno.Audio", "src\audio\Inno.Audio\Inno.Audio.csproj", "{4CC4D438-818A-4C30-82E8-B128B00A8348}"
EndProject
Project("{FAE04EC0-301F-11D3-BF4B-00C04F79EFBC}") = "Inno.Audio.Runtime", "src\audio\Inno.Audio.Runtime\Inno.Audio.Runtime.csproj", "{73D4EF8E-8F4D-4409-AE38-480163429965}"
EndProject
Project("{FAE04EC0-301F-11D3-BF4B-00C04F79EFBC}") = "Inno.Audio.Assets", "src\audio\Inno.Audio.Assets\Inno.Audio.Assets.csproj", "{CD9A5D27-C02E-40CF-AC96-E8CC0C61F27C}"
EndProject
Project("{FAE04EC0-301F-11D3-BF4B-00C04F79EFBC}") = "Inno.Audio.MiniAudio", "src\audio\Inno.Audio.MiniAudio\Inno.Audio.MiniAudio.csproj", "{3716F71C-09E7-44B8-ACFA-D910A934783A}"
EndProject
Project("{FAE04EC0-301F-11D3-BF4B-00C04F79EFBC}") = "Inno.Audio.Scene", "src\audio\Inno.Audio.Scene\Inno.Audio.Scene.csproj", "{E69F7DE1-4A7E-4CC1-88B5-FC27AC5B6060}"
EndProject
Project("{FAE04EC0-301F-11D3-BF4B-00C04F79EFBC}") = "Inno.Editor.Audio", "src\editor\Inno.Editor.Audio\Inno.Editor.Audio.csproj", "{2B629DAE-0E83-4F91-B2DA-3928A08911BF}"
EndProject
Project("{FAE04EC0-301F-11D3-BF4B-00C04F79EFBC}") = "Inno.Audio.Tests", "tests\Inno.Audio.Tests\Inno.Audio.Tests.csproj", "{06B2A105-FF43-4B80-A1BB-9AF7FD3DB4A7}"
EndProject
Project("{FAE04EC0-301F-11D3-BF4B-00C04F79EFBC}") = "Inno.Audio.Assets.Tests", "tests\Inno.Audio.Assets.Tests\Inno.Audio.Assets.Tests.csproj", "{985C305D-9562-460F-9E01-73BA7B9EFE50}"
EndProject
Project("{FAE04EC0-301F-11D3-BF4B-00C04F79EFBC}") = "Inno.Audio.Runtime.Tests", "tests\Inno.Audio.Runtime.Tests\Inno.Audio.Runtime.Tests.csproj", "{355F52C8-22E3-494F-BEB5-E4DD6397504D}"
EndProject
Project("{FAE04EC0-301F-11D3-BF4B-00C04F79EFBC}") = "Inno.Audio.MiniAudio.Tests", "tests\Inno.Audio.MiniAudio.Tests\Inno.Audio.MiniAudio.Tests.csproj", "{A7B51F36-D7C9-48A1-8C05-6D4939292736}"
EndProject
Project("{FAE04EC0-301F-11D3-BF4B-00C04F79EFBC}") = "Inno.Audio.Scene.Tests", "tests\Inno.Audio.Scene.Tests\Inno.Audio.Scene.Tests.csproj", "{9FDBEB5F-C881-4B77-B7DA-314FC02241ED}"
EndProject
Project("{FAE04EC0-301F-11D3-BF4B-00C04F79EFBC}") = "Inno.Editor.Audio.Tests", "tests\Inno.Editor.Audio.Tests\Inno.Editor.Audio.Tests.csproj", "{0FDD712B-BC25-4D8D-8071-6E0036370481}"
EndProject
Global
	GlobalSection(SolutionConfigurationPlatforms) = preSolution
		Debug|Any CPU = Debug|Any CPU
		Release|Any CPU = Release|Any CPU
	EndGlobalSection
	GlobalSection(ProjectConfigurationPlatforms) = postSolution
		{68BEED6D-BCF7-4756-9F8F-1B3E8000EDD9}.Debug|Any CPU.ActiveCfg = Debug|Any CPU
		{68BEED6D-BCF7-4756-9F8F-1B3E8000EDD9}.Debug|Any CPU.Build.0 = Debug|Any CPU
		{68BEED6D-BCF7-4756-9F8F-1B3E8000EDD9}.Release|Any CPU.ActiveCfg = Release|Any CPU
		{68BEED6D-BCF7-4756-9F8F-1B3E8000EDD9}.Release|Any CPU.Build.0 = Release|Any CPU
		{B31542D9-1C42-45E7-B84E-15B12233B5B1}.Debug|Any CPU.ActiveCfg = Debug|Any CPU
		{B31542D9-1C42-45E7-B84E-15B12233B5B1}.Debug|Any CPU.Build.0 = Debug|Any CPU
		{B31542D9-1C42-45E7-B84E-15B12233B5B1}.Release|Any CPU.ActiveCfg = Release|Any CPU
		{B31542D9-1C42-45E7-B84E-15B12233B5B1}.Release|Any CPU.Build.0 = Release|Any CPU
		{622F67C2-8526-4ACC-BBEF-9D49BCA4F05B}.Debug|Any CPU.ActiveCfg = Debug|Any CPU
		{622F67C2-8526-4ACC-BBEF-9D49BCA4F05B}.Debug|Any CPU.Build.0 = Debug|Any CPU
		{622F67C2-8526-4ACC-BBEF-9D49BCA4F05B}.Release|Any CPU.ActiveCfg = Release|Any CPU
		{622F67C2-8526-4ACC-BBEF-9D49BCA4F05B}.Release|Any CPU.Build.0 = Release|Any CPU
		{C12BF179-418E-4BF9-BAD6-C1869539A10B}.Debug|Any CPU.ActiveCfg = Debug|Any CPU
		{C12BF179-418E-4BF9-BAD6-C1869539A10B}.Debug|Any CPU.Build.0 = Debug|Any CPU
		{C12BF179-418E-4BF9-BAD6-C1869539A10B}.Release|Any CPU.ActiveCfg = Release|Any CPU
		{C12BF179-418E-4BF9-BAD6-C1869539A10B}.Release|Any CPU.Build.0 = Release|Any CPU
		{A57BC717-DDAD-445F-87D2-DDD1336D4D15}.Debug|Any CPU.ActiveCfg = Debug|Any CPU
		{A57BC717-DDAD-445F-87D2-DDD1336D4D15}.Debug|Any CPU.Build.0 = Debug|Any CPU
		{A57BC717-DDAD-445F-87D2-DDD1336D4D15}.Release|Any CPU.ActiveCfg = Release|Any CPU
		{A57BC717-DDAD-445F-87D2-DDD1336D4D15}.Release|Any CPU.Build.0 = Release|Any CPU
		{EC9A1372-8024-4101-978B-360BCFE29790}.Debug|Any CPU.ActiveCfg = Debug|Any CPU
		{EC9A1372-8024-4101-978B-360BCFE29790}.Debug|Any CPU.Build.0 = Debug|Any CPU
		{EC9A1372-8024-4101-978B-360BCFE29790}.Release|Any CPU.ActiveCfg = Release|Any CPU
		{EC9A1372-8024-4101-978B-360BCFE29790}.Release|Any CPU.Build.0 = Release|Any CPU
		{5999F77A-A950-4192-AC52-E0E2226BE175}.Debug|Any CPU.ActiveCfg = Debug|Any CPU
		{5999F77A-A950-4192-AC52-E0E2226BE175}.Debug|Any CPU.Build.0 = Debug|Any CPU
		{5999F77A-A950-4192-AC52-E0E2226BE175}.Release|Any CPU.ActiveCfg = Release|Any CPU
		{5999F77A-A950-4192-AC52-E0E2226BE175}.Release|Any CPU.Build.0 = Release|Any CPU
		{8FAC55C4-8362-4208-8F7F-36C92AF9CDF8}.Debug|Any CPU.ActiveCfg = Debug|Any CPU
		{8FAC55C4-8362-4208-8F7F-36C92AF9CDF8}.Debug|Any CPU.Build.0 = Debug|Any CPU
		{8FAC55C4-8362-4208-8F7F-36C92AF9CDF8}.Release|Any CPU.ActiveCfg = Release|Any CPU
		{8FAC55C4-8362-4208-8F7F-36C92AF9CDF8}.Release|Any CPU.Build.0 = Release|Any CPU
		{FD94A463-8D44-4CF7-8AE4-28359AF130DB}.Debug|Any CPU.ActiveCfg = Debug|Any CPU
		{FD94A463-8D44-4CF7-8AE4-28359AF130DB}.Debug|Any CPU.Build.0 = Debug|Any CPU
		{FD94A463-8D44-4CF7-8AE4-28359AF130DB}.Release|Any CPU.ActiveCfg = Release|Any CPU
		{FD94A463-8D44-4CF7-8AE4-28359AF130DB}.Release|Any CPU.Build.0 = Release|Any CPU
		{5CE66AD0-DFB5-4F80-9A72-5250DC52BFC9}.Debug|Any CPU.ActiveCfg = Debug|Any CPU
		{5CE66AD0-DFB5-4F80-9A72-5250DC52BFC9}.Debug|Any CPU.Build.0 = Debug|Any CPU
		{5CE66AD0-DFB5-4F80-9A72-5250DC52BFC9}.Release|Any CPU.ActiveCfg = Release|Any CPU
		{5CE66AD0-DFB5-4F80-9A72-5250DC52BFC9}.Release|Any CPU.Build.0 = Release|Any CPU
		{DF8281A8-B54A-485C-A9D5-AFBE9F5EFD8B}.Debug|Any CPU.ActiveCfg = Debug|Any CPU
		{DF8281A8-B54A-485C-A9D5-AFBE9F5EFD8B}.Debug|Any CPU.Build.0 = Debug|Any CPU
		{DF8281A8-B54A-485C-A9D5-AFBE9F5EFD8B}.Release|Any CPU.ActiveCfg = Release|Any CPU
		{DF8281A8-B54A-485C-A9D5-AFBE9F5EFD8B}.Release|Any CPU.Build.0 = Release|Any CPU
		{8AB435C8-FB35-4064-992E-DFC3B2289D9F}.Debug|Any CPU.ActiveCfg = Debug|Any CPU
		{8AB435C8-FB35-4064-992E-DFC3B2289D9F}.Debug|Any CPU.Build.0 = Debug|Any CPU
		{8AB435C8-FB35-4064-992E-DFC3B2289D9F}.Release|Any CPU.ActiveCfg = Release|Any CPU
		{8AB435C8-FB35-4064-992E-DFC3B2289D9F}.Release|Any CPU.Build.0 = Release|Any CPU
		{16A94595-3BC9-4BF4-851D-5FC78FF62018}.Debug|Any CPU.ActiveCfg = Debug|Any CPU
		{16A94595-3BC9-4BF4-851D-5FC78FF62018}.Debug|Any CPU.Build.0 = Debug|Any CPU
		{16A94595-3BC9-4BF4-851D-5FC78FF62018}.Release|Any CPU.ActiveCfg = Release|Any CPU
		{16A94595-3BC9-4BF4-851D-5FC78FF62018}.Release|Any CPU.Build.0 = Release|Any CPU
		{7E58B4D1-FFAE-449B-A351-6796F9A91F8F}.Debug|Any CPU.ActiveCfg = Debug|Any CPU
		{7E58B4D1-FFAE-449B-A351-6796F9A91F8F}.Debug|Any CPU.Build.0 = Debug|Any CPU
		{7E58B4D1-FFAE-449B-A351-6796F9A91F8F}.Release|Any CPU.ActiveCfg = Release|Any CPU
		{7E58B4D1-FFAE-449B-A351-6796F9A91F8F}.Release|Any CPU.Build.0 = Release|Any CPU
		{1EA28738-D5F0-458B-9166-1AE9E933FA07}.Debug|Any CPU.ActiveCfg = Debug|Any CPU
		{1EA28738-D5F0-458B-9166-1AE9E933FA07}.Debug|Any CPU.Build.0 = Debug|Any CPU
		{1EA28738-D5F0-458B-9166-1AE9E933FA07}.Release|Any CPU.ActiveCfg = Release|Any CPU
		{1EA28738-D5F0-458B-9166-1AE9E933FA07}.Release|Any CPU.Build.0 = Release|Any CPU
		{5995F74F-F8F5-4D0F-A988-B57C04905B68}.Debug|Any CPU.ActiveCfg = Debug|Any CPU
		{5995F74F-F8F5-4D0F-A988-B57C04905B68}.Debug|Any CPU.Build.0 = Debug|Any CPU
		{5995F74F-F8F5-4D0F-A988-B57C04905B68}.Release|Any CPU.ActiveCfg = Release|Any CPU
		{5995F74F-F8F5-4D0F-A988-B57C04905B68}.Release|Any CPU.Build.0 = Release|Any CPU
		{6B6BAB40-E5C5-4965-9682-7D6AC3FE936D}.Debug|Any CPU.ActiveCfg = Debug|Any CPU
		{6B6BAB40-E5C5-4965-9682-7D6AC3FE936D}.Debug|Any CPU.Build.0 = Debug|Any CPU
		{6B6BAB40-E5C5-4965-9682-7D6AC3FE936D}.Release|Any CPU.ActiveCfg = Release|Any CPU
		{6B6BAB40-E5C5-4965-9682-7D6AC3FE936D}.Release|Any CPU.Build.0 = Release|Any CPU
		{D1195814-D6A5-40E7-BF82-7B035581496B}.Debug|Any CPU.ActiveCfg = Debug|Any CPU
		{D1195814-D6A5-40E7-BF82-7B035581496B}.Debug|Any CPU.Build.0 = Debug|Any CPU
		{D1195814-D6A5-40E7-BF82-7B035581496B}.Release|Any CPU.ActiveCfg = Release|Any CPU
		{D1195814-D6A5-40E7-BF82-7B035581496B}.Release|Any CPU.Build.0 = Release|Any CPU
		{4CF207E2-26DF-4C93-B118-2B516FE26F6C}.Debug|Any CPU.ActiveCfg = Debug|Any CPU
		{4CF207E2-26DF-4C93-B118-2B516FE26F6C}.Debug|Any CPU.Build.0 = Debug|Any CPU
		{4CF207E2-26DF-4C93-B118-2B516FE26F6C}.Release|Any CPU.ActiveCfg = Release|Any CPU
		{4CF207E2-26DF-4C93-B118-2B516FE26F6C}.Release|Any CPU.Build.0 = Release|Any CPU
		{3E3AC769-D782-4868-9E63-410894D6D6F4}.Debug|Any CPU.ActiveCfg = Debug|Any CPU
		{3E3AC769-D782-4868-9E63-410894D6D6F4}.Debug|Any CPU.Build.0 = Debug|Any CPU
		{3E3AC769-D782-4868-9E63-410894D6D6F4}.Release|Any CPU.ActiveCfg = Release|Any CPU
		{3E3AC769-D782-4868-9E63-410894D6D6F4}.Release|Any CPU.Build.0 = Release|Any CPU
		{23B9F417-3AC9-4B28-8226-C0E327249FC1}.Debug|Any CPU.ActiveCfg = Debug|Any CPU
		{23B9F417-3AC9-4B28-8226-C0E327249FC1}.Debug|Any CPU.Build.0 = Debug|Any CPU
		{23B9F417-3AC9-4B28-8226-C0E327249FC1}.Release|Any CPU.ActiveCfg = Release|Any CPU
		{23B9F417-3AC9-4B28-8226-C0E327249FC1}.Release|Any CPU.Build.0 = Release|Any CPU
		{7922E16A-C1E4-4668-B4C2-7386FDD231CE}.Debug|Any CPU.ActiveCfg = Debug|Any CPU
		{7922E16A-C1E4-4668-B4C2-7386FDD231CE}.Debug|Any CPU.Build.0 = Debug|Any CPU
		{7922E16A-C1E4-4668-B4C2-7386FDD231CE}.Release|Any CPU.ActiveCfg = Release|Any CPU
		{7922E16A-C1E4-4668-B4C2-7386FDD231CE}.Release|Any CPU.Build.0 = Release|Any CPU
		{FFEE1959-7068-4DBE-8F83-95D7D2E7BDB2}.Debug|Any CPU.ActiveCfg = Debug|Any CPU
		{FFEE1959-7068-4DBE-8F83-95D7D2E7BDB2}.Debug|Any CPU.Build.0 = Debug|Any CPU
		{FFEE1959-7068-4DBE-8F83-95D7D2E7BDB2}.Release|Any CPU.ActiveCfg = Release|Any CPU
		{FFEE1959-7068-4DBE-8F83-95D7D2E7BDB2}.Release|Any CPU.Build.0 = Release|Any CPU
		{813ACCB2-3206-4E66-AB6E-4AEE0ACFECDB}.Debug|Any CPU.ActiveCfg = Debug|Any CPU
		{813ACCB2-3206-4E66-AB6E-4AEE0ACFECDB}.Debug|Any CPU.Build.0 = Debug|Any CPU
		{813ACCB2-3206-4E66-AB6E-4AEE0ACFECDB}.Release|Any CPU.ActiveCfg = Release|Any CPU
		{813ACCB2-3206-4E66-AB6E-4AEE0ACFECDB}.Release|Any CPU.Build.0 = Release|Any CPU
		{546B2835-D992-47E1-AE8F-E36A6DAA4C98}.Debug|Any CPU.ActiveCfg = Debug|Any CPU
		{546B2835-D992-47E1-AE8F-E36A6DAA4C98}.Debug|Any CPU.Build.0 = Debug|Any CPU
		{546B2835-D992-47E1-AE8F-E36A6DAA4C98}.Release|Any CPU.ActiveCfg = Release|Any CPU
		{546B2835-D992-47E1-AE8F-E36A6DAA4C98}.Release|Any CPU.Build.0 = Release|Any CPU
		{D4E25917-A46E-435A-AD84-5CC91D814B27}.Debug|Any CPU.ActiveCfg = Debug|Any CPU
		{D4E25917-A46E-435A-AD84-5CC91D814B27}.Debug|Any CPU.Build.0 = Debug|Any CPU
		{D4E25917-A46E-435A-AD84-5CC91D814B27}.Release|Any CPU.ActiveCfg = Release|Any CPU
		{D4E25917-A46E-435A-AD84-5CC91D814B27}.Release|Any CPU.Build.0 = Release|Any CPU
		{BD120537-0611-48E8-8073-66F0EFBDEA68}.Debug|Any CPU.ActiveCfg = Debug|Any CPU
		{BD120537-0611-48E8-8073-66F0EFBDEA68}.Debug|Any CPU.Build.0 = Debug|Any CPU
		{BD120537-0611-48E8-8073-66F0EFBDEA68}.Release|Any CPU.ActiveCfg = Release|Any CPU
		{BD120537-0611-48E8-8073-66F0EFBDEA68}.Release|Any CPU.Build.0 = Release|Any CPU
		{F3BAF793-0800-4FD6-BD2C-0590E1C8552C}.Debug|Any CPU.ActiveCfg = Debug|Any CPU
		{F3BAF793-0800-4FD6-BD2C-0590E1C8552C}.Debug|Any CPU.Build.0 = Debug|Any CPU
		{F3BAF793-0800-4FD6-BD2C-0590E1C8552C}.Release|Any CPU.ActiveCfg = Release|Any CPU
		{F3BAF793-0800-4FD6-BD2C-0590E1C8552C}.Release|Any CPU.Build.0 = Release|Any CPU
		{E81E922A-A54C-4D6C-9BDD-04134A795EAD}.Debug|Any CPU.ActiveCfg = Debug|Any CPU
		{E81E922A-A54C-4D6C-9BDD-04134A795EAD}.Debug|Any CPU.Build.0 = Debug|Any CPU
		{E81E922A-A54C-4D6C-9BDD-04134A795EAD}.Release|Any CPU.ActiveCfg = Release|Any CPU
		{E81E922A-A54C-4D6C-9BDD-04134A795EAD}.Release|Any CPU.Build.0 = Release|Any CPU
		{964F82AB-1BDF-479F-8D0C-41211B02B2DB}.Debug|Any CPU.ActiveCfg = Debug|Any CPU
		{964F82AB-1BDF-479F-8D0C-41211B02B2DB}.Debug|Any CPU.Build.0 = Debug|Any CPU
		{964F82AB-1BDF-479F-8D0C-41211B02B2DB}.Release|Any CPU.ActiveCfg = Release|Any CPU
		{964F82AB-1BDF-479F-8D0C-41211B02B2DB}.Release|Any CPU.Build.0 = Release|Any CPU
		{209B6E01-2E85-47FB-9A94-759F148882DE}.Debug|Any CPU.ActiveCfg = Debug|Any CPU
		{209B6E01-2E85-47FB-9A94-759F148882DE}.Debug|Any CPU.Build.0 = Debug|Any CPU
		{209B6E01-2E85-47FB-9A94-759F148882DE}.Release|Any CPU.ActiveCfg = Release|Any CPU
		{209B6E01-2E85-47FB-9A94-759F148882DE}.Release|Any CPU.Build.0 = Release|Any CPU
		{95EA028D-E6AD-4B5E-8B69-F9F45BF916B0}.Debug|Any CPU.ActiveCfg = Debug|Any CPU
		{95EA028D-E6AD-4B5E-8B69-F9F45BF916B0}.Debug|Any CPU.Build.0 = Debug|Any CPU
		{95EA028D-E6AD-4B5E-8B69-F9F45BF916B0}.Release|Any CPU.ActiveCfg = Release|Any CPU
		{95EA028D-E6AD-4B5E-8B69-F9F45BF916B0}.Release|Any CPU.Build.0 = Release|Any CPU
		{FBE02075-4C35-4E6B-B181-931064034E1B}.Debug|Any CPU.ActiveCfg = Debug|Any CPU
		{FBE02075-4C35-4E6B-B181-931064034E1B}.Debug|Any CPU.Build.0 = Debug|Any CPU
		{FBE02075-4C35-4E6B-B181-931064034E1B}.Release|Any CPU.ActiveCfg = Release|Any CPU
		{FBE02075-4C35-4E6B-B181-931064034E1B}.Release|Any CPU.Build.0 = Release|Any CPU
		{8F7EA7E8-682F-4D33-8174-0C228918A3B5}.Debug|Any CPU.ActiveCfg = Debug|Any CPU
		{8F7EA7E8-682F-4D33-8174-0C228918A3B5}.Debug|Any CPU.Build.0 = Debug|Any CPU
		{8F7EA7E8-682F-4D33-8174-0C228918A3B5}.Release|Any CPU.ActiveCfg = Release|Any CPU
		{8F7EA7E8-682F-4D33-8174-0C228918A3B5}.Release|Any CPU.Build.0 = Release|Any CPU
		{6351AD70-7909-443F-9A18-76303E9599B4}.Debug|Any CPU.ActiveCfg = Debug|Any CPU
		{6351AD70-7909-443F-9A18-76303E9599B4}.Debug|Any CPU.Build.0 = Debug|Any CPU
		{6351AD70-7909-443F-9A18-76303E9599B4}.Release|Any CPU.ActiveCfg = Release|Any CPU
		{6351AD70-7909-443F-9A18-76303E9599B4}.Release|Any CPU.Build.0 = Release|Any CPU
		{6267F747-15B3-4D51-A304-22FA6FF12FE0}.Debug|Any CPU.ActiveCfg = Debug|Any CPU
		{6267F747-15B3-4D51-A304-22FA6FF12FE0}.Debug|Any CPU.Build.0 = Debug|Any CPU
		{6267F747-15B3-4D51-A304-22FA6FF12FE0}.Release|Any CPU.ActiveCfg = Release|Any CPU
		{6267F747-15B3-4D51-A304-22FA6FF12FE0}.Release|Any CPU.Build.0 = Release|Any CPU
		{63A9723D-6EAF-40B0-92C6-41B508115B43}.Debug|Any CPU.ActiveCfg = Debug|Any CPU
		{63A9723D-6EAF-40B0-92C6-41B508115B43}.Debug|Any CPU.Build.0 = Debug|Any CPU
		{63A9723D-6EAF-40B0-92C6-41B508115B43}.Release|Any CPU.ActiveCfg = Release|Any CPU
		{63A9723D-6EAF-40B0-92C6-41B508115B43}.Release|Any CPU.Build.0 = Release|Any CPU
		{62D0E0E2-0C16-40C5-B5B6-ACB73D0B8A61}.Debug|Any CPU.ActiveCfg = Debug|Any CPU
		{62D0E0E2-0C16-40C5-B5B6-ACB73D0B8A61}.Debug|Any CPU.Build.0 = Debug|Any CPU
		{62D0E0E2-0C16-40C5-B5B6-ACB73D0B8A61}.Release|Any CPU.ActiveCfg = Release|Any CPU
		{62D0E0E2-0C16-40C5-B5B6-ACB73D0B8A61}.Release|Any CPU.Build.0 = Release|Any CPU
		{112BDAD0-245F-4730-A868-4AA5D7162E74}.Debug|Any CPU.ActiveCfg = Debug|Any CPU
		{112BDAD0-245F-4730-A868-4AA5D7162E74}.Debug|Any CPU.Build.0 = Debug|Any CPU
		{112BDAD0-245F-4730-A868-4AA5D7162E74}.Release|Any CPU.ActiveCfg = Release|Any CPU
		{112BDAD0-245F-4730-A868-4AA5D7162E74}.Release|Any CPU.Build.0 = Release|Any CPU
		{158A7EFF-99AD-40BF-B765-C2711C39DBE6}.Debug|Any CPU.ActiveCfg = Debug|Any CPU
		{158A7EFF-99AD-40BF-B765-C2711C39DBE6}.Debug|Any CPU.Build.0 = Debug|Any CPU
		{158A7EFF-99AD-40BF-B765-C2711C39DBE6}.Release|Any CPU.ActiveCfg = Release|Any CPU
		{158A7EFF-99AD-40BF-B765-C2711C39DBE6}.Release|Any CPU.Build.0 = Release|Any CPU
		{EC99A22E-FE5B-4A5C-A95C-2461ED3FE1E7}.Debug|Any CPU.ActiveCfg = Debug|Any CPU
		{EC99A22E-FE5B-4A5C-A95C-2461ED3FE1E7}.Debug|Any CPU.Build.0 = Debug|Any CPU
		{EC99A22E-FE5B-4A5C-A95C-2461ED3FE1E7}.Release|Any CPU.ActiveCfg = Release|Any CPU
		{EC99A22E-FE5B-4A5C-A95C-2461ED3FE1E7}.Release|Any CPU.Build.0 = Release|Any CPU
		{32A80B1A-9C94-4142-8A96-9579B6113DEB}.Debug|Any CPU.ActiveCfg = Debug|Any CPU
		{32A80B1A-9C94-4142-8A96-9579B6113DEB}.Debug|Any CPU.Build.0 = Debug|Any CPU
		{32A80B1A-9C94-4142-8A96-9579B6113DEB}.Release|Any CPU.ActiveCfg = Release|Any CPU
		{32A80B1A-9C94-4142-8A96-9579B6113DEB}.Release|Any CPU.Build.0 = Release|Any CPU
		{874FF3FA-A63E-432B-976B-03E7FB3A1646}.Debug|Any CPU.ActiveCfg = Debug|Any CPU
		{874FF3FA-A63E-432B-976B-03E7FB3A1646}.Debug|Any CPU.Build.0 = Debug|Any CPU
		{874FF3FA-A63E-432B-976B-03E7FB3A1646}.Release|Any CPU.ActiveCfg = Release|Any CPU
		{874FF3FA-A63E-432B-976B-03E7FB3A1646}.Release|Any CPU.Build.0 = Release|Any CPU
		{0D4D9EFC-6424-4B61-AA27-D50BFB7B9CB5}.Debug|Any CPU.ActiveCfg = Debug|Any CPU
		{0D4D9EFC-6424-4B61-AA27-D50BFB7B9CB5}.Debug|Any CPU.Build.0 = Debug|Any CPU
		{0D4D9EFC-6424-4B61-AA27-D50BFB7B9CB5}.Release|Any CPU.ActiveCfg = Release|Any CPU
		{0D4D9EFC-6424-4B61-AA27-D50BFB7B9CB5}.Release|Any CPU.Build.0 = Release|Any CPU
		{4D9E6C36-B1B4-42BB-AAB2-757960F74B96}.Debug|Any CPU.ActiveCfg = Debug|Any CPU
		{4D9E6C36-B1B4-42BB-AAB2-757960F74B96}.Debug|Any CPU.Build.0 = Debug|Any CPU
		{4D9E6C36-B1B4-42BB-AAB2-757960F74B96}.Release|Any CPU.ActiveCfg = Release|Any CPU
		{4D9E6C36-B1B4-42BB-AAB2-757960F74B96}.Release|Any CPU.Build.0 = Release|Any CPU
		{3F3E5448-3C50-455E-A18A-8057D5153231}.Debug|Any CPU.ActiveCfg = Debug|Any CPU
		{3F3E5448-3C50-455E-A18A-8057D5153231}.Debug|Any CPU.Build.0 = Debug|Any CPU
		{3F3E5448-3C50-455E-A18A-8057D5153231}.Release|Any CPU.ActiveCfg = Release|Any CPU
		{3F3E5448-3C50-455E-A18A-8057D5153231}.Release|Any CPU.Build.0 = Release|Any CPU
		{7EF925D1-9D9C-44D4-9B41-9D8A07A000BA}.Debug|Any CPU.ActiveCfg = Debug|Any CPU
		{7EF925D1-9D9C-44D4-9B41-9D8A07A000BA}.Debug|Any CPU.Build.0 = Debug|Any CPU
		{7EF925D1-9D9C-44D4-9B41-9D8A07A000BA}.Release|Any CPU.ActiveCfg = Release|Any CPU
		{7EF925D1-9D9C-44D4-9B41-9D8A07A000BA}.Release|Any CPU.Build.0 = Release|Any CPU
		{A32DDE6E-BA0D-40AA-BED3-1A10049D59BC}.Debug|Any CPU.ActiveCfg = Debug|Any CPU
		{A32DDE6E-BA0D-40AA-BED3-1A10049D59BC}.Debug|Any CPU.Build.0 = Debug|Any CPU
		{A32DDE6E-BA0D-40AA-BED3-1A10049D59BC}.Release|Any CPU.ActiveCfg = Release|Any CPU
		{A32DDE6E-BA0D-40AA-BED3-1A10049D59BC}.Release|Any CPU.Build.0 = Release|Any CPU
		{720483C6-D06B-481D-8899-E1D9BD654EDA}.Debug|Any CPU.ActiveCfg = Debug|Any CPU
		{720483C6-D06B-481D-8899-E1D9BD654EDA}.Debug|Any CPU.Build.0 = Debug|Any CPU
		{720483C6-D06B-481D-8899-E1D9BD654EDA}.Release|Any CPU.ActiveCfg = Release|Any CPU
		{720483C6-D06B-481D-8899-E1D9BD654EDA}.Release|Any CPU.Build.0 = Release|Any CPU
		{37EFCF00-19A6-497D-8E6B-49876C9E1985}.Debug|Any CPU.ActiveCfg = Debug|Any CPU
		{37EFCF00-19A6-497D-8E6B-49876C9E1985}.Debug|Any CPU.Build.0 = Debug|Any CPU
		{37EFCF00-19A6-497D-8E6B-49876C9E1985}.Release|Any CPU.ActiveCfg = Release|Any CPU
		{37EFCF00-19A6-497D-8E6B-49876C9E1985}.Release|Any CPU.Build.0 = Release|Any CPU
		{860DF6A9-D1D5-49E3-9CE5-D2DE347CEED0}.Debug|Any CPU.ActiveCfg = Debug|Any CPU
		{860DF6A9-D1D5-49E3-9CE5-D2DE347CEED0}.Debug|Any CPU.Build.0 = Debug|Any CPU
		{860DF6A9-D1D5-49E3-9CE5-D2DE347CEED0}.Release|Any CPU.ActiveCfg = Release|Any CPU
		{860DF6A9-D1D5-49E3-9CE5-D2DE347CEED0}.Release|Any CPU.Build.0 = Release|Any CPU
		{CC850199-5215-408E-BB06-4B80395A17AB}.Debug|Any CPU.ActiveCfg = Debug|Any CPU
		{CC850199-5215-408E-BB06-4B80395A17AB}.Debug|Any CPU.Build.0 = Debug|Any CPU
		{CC850199-5215-408E-BB06-4B80395A17AB}.Release|Any CPU.ActiveCfg = Release|Any CPU
		{CC850199-5215-408E-BB06-4B80395A17AB}.Release|Any CPU.Build.0 = Release|Any CPU
		{62F87567-0571-43C5-B380-C17EFD4404DD}.Debug|Any CPU.ActiveCfg = Debug|Any CPU
		{62F87567-0571-43C5-B380-C17EFD4404DD}.Debug|Any CPU.Build.0 = Debug|Any CPU
		{62F87567-0571-43C5-B380-C17EFD4404DD}.Release|Any CPU.ActiveCfg = Release|Any CPU
		{62F87567-0571-43C5-B380-C17EFD4404DD}.Release|Any CPU.Build.0 = Release|Any CPU
		{A441C37F-B451-4B47-AAB2-2CA4EAEBA170}.Debug|Any CPU.ActiveCfg = Debug|Any CPU
		{A441C37F-B451-4B47-AAB2-2CA4EAEBA170}.Debug|Any CPU.Build.0 = Debug|Any CPU
		{A441C37F-B451-4B47-AAB2-2CA4EAEBA170}.Release|Any CPU.ActiveCfg = Release|Any CPU
		{A441C37F-B451-4B47-AAB2-2CA4EAEBA170}.Release|Any CPU.Build.0 = Release|Any CPU
		{C6F2FA90-1B02-4F7A-B610-CB7A2C3F99B9}.Debug|Any CPU.ActiveCfg = Debug|Any CPU
		{C6F2FA90-1B02-4F7A-B610-CB7A2C3F99B9}.Debug|Any CPU.Build.0 = Debug|Any CPU
		{C6F2FA90-1B02-4F7A-B610-CB7A2C3F99B9}.Release|Any CPU.ActiveCfg = Release|Any CPU
		{C6F2FA90-1B02-4F7A-B610-CB7A2C3F99B9}.Release|Any CPU.Build.0 = Release|Any CPU
		{3159C670-359F-481F-B4C4-90A04103815F}.Debug|Any CPU.ActiveCfg = Debug|Any CPU
		{3159C670-359F-481F-B4C4-90A04103815F}.Debug|Any CPU.Build.0 = Debug|Any CPU
		{3159C670-359F-481F-B4C4-90A04103815F}.Release|Any CPU.ActiveCfg = Release|Any CPU
		{3159C670-359F-481F-B4C4-90A04103815F}.Release|Any CPU.Build.0 = Release|Any CPU
		{ADCEF13E-CEB2-445D-A537-AB4C28450749}.Debug|Any CPU.ActiveCfg = Debug|Any CPU
		{ADCEF13E-CEB2-445D-A537-AB4C28450749}.Debug|Any CPU.Build.0 = Debug|Any CPU
		{ADCEF13E-CEB2-445D-A537-AB4C28450749}.Release|Any CPU.ActiveCfg = Release|Any CPU
		{ADCEF13E-CEB2-445D-A537-AB4C28450749}.Release|Any CPU.Build.0 = Release|Any CPU
		{0DD747F7-0B85-4208-BA76-C537F3A64362}.Debug|Any CPU.ActiveCfg = Debug|Any CPU
		{0DD747F7-0B85-4208-BA76-C537F3A64362}.Debug|Any CPU.Build.0 = Debug|Any CPU
		{0DD747F7-0B85-4208-BA76-C537F3A64362}.Release|Any CPU.ActiveCfg = Release|Any CPU
		{0DD747F7-0B85-4208-BA76-C537F3A64362}.Release|Any CPU.Build.0 = Release|Any CPU
		{6092DB32-4A29-410B-B7D7-0842F76427A9}.Debug|Any CPU.ActiveCfg = Debug|Any CPU
		{6092DB32-4A29-410B-B7D7-0842F76427A9}.Debug|Any CPU.Build.0 = Debug|Any CPU
		{6092DB32-4A29-410B-B7D7-0842F76427A9}.Release|Any CPU.ActiveCfg = Release|Any CPU
		{6092DB32-4A29-410B-B7D7-0842F76427A9}.Release|Any CPU.Build.0 = Release|Any CPU
		{1CC3C349-3E26-430D-B6BF-309BCF2ECEE7}.Debug|Any CPU.ActiveCfg = Debug|Any CPU
		{1CC3C349-3E26-430D-B6BF-309BCF2ECEE7}.Debug|Any CPU.Build.0 = Debug|Any CPU
		{1CC3C349-3E26-430D-B6BF-309BCF2ECEE7}.Release|Any CPU.ActiveCfg = Release|Any CPU
		{1CC3C349-3E26-430D-B6BF-309BCF2ECEE7}.Release|Any CPU.Build.0 = Release|Any CPU
		{4624635E-E95D-4A09-8ACC-AD417421361C}.Debug|Any CPU.ActiveCfg = Debug|Any CPU
		{4624635E-E95D-4A09-8ACC-AD417421361C}.Debug|Any CPU.Build.0 = Debug|Any CPU
		{4624635E-E95D-4A09-8ACC-AD417421361C}.Release|Any CPU.ActiveCfg = Release|Any CPU
		{4624635E-E95D-4A09-8ACC-AD417421361C}.Release|Any CPU.Build.0 = Release|Any CPU
		{09204EC3-B629-41C6-8E63-114E30677410}.Debug|Any CPU.ActiveCfg = Debug|Any CPU
		{09204EC3-B629-41C6-8E63-114E30677410}.Debug|Any CPU.Build.0 = Debug|Any CPU
		{09204EC3-B629-41C6-8E63-114E30677410}.Release|Any CPU.ActiveCfg = Release|Any CPU
		{09204EC3-B629-41C6-8E63-114E30677410}.Release|Any CPU.Build.0 = Release|Any CPU
		{03A744C8-19FD-4976-96B8-6A083E23E863}.Debug|Any CPU.ActiveCfg = Debug|Any CPU
		{03A744C8-19FD-4976-96B8-6A083E23E863}.Debug|Any CPU.Build.0 = Debug|Any CPU
		{03A744C8-19FD-4976-96B8-6A083E23E863}.Release|Any CPU.ActiveCfg = Release|Any CPU
		{03A744C8-19FD-4976-96B8-6A083E23E863}.Release|Any CPU.Build.0 = Release|Any CPU
		{B81C0BD6-5751-4164-B8AD-1834E0158703}.Debug|Any CPU.ActiveCfg = Debug|Any CPU
		{B81C0BD6-5751-4164-B8AD-1834E0158703}.Debug|Any CPU.Build.0 = Debug|Any CPU
		{B81C0BD6-5751-4164-B8AD-1834E0158703}.Release|Any CPU.ActiveCfg = Release|Any CPU
		{B81C0BD6-5751-4164-B8AD-1834E0158703}.Release|Any CPU.Build.0 = Release|Any CPU
		{A2CA697E-FF0A-4BC4-96C1-CC2E0D1DA33E}.Debug|Any CPU.ActiveCfg = Debug|Any CPU
		{A2CA697E-FF0A-4BC4-96C1-CC2E0D1DA33E}.Debug|Any CPU.Build.0 = Debug|Any CPU
		{A2CA697E-FF0A-4BC4-96C1-CC2E0D1DA33E}.Release|Any CPU.ActiveCfg = Release|Any CPU
		{A2CA697E-FF0A-4BC4-96C1-CC2E0D1DA33E}.Release|Any CPU.Build.0 = Release|Any CPU
		{372D76BF-B319-484F-BA27-5393959A92D3}.Debug|Any CPU.ActiveCfg = Debug|Any CPU
		{372D76BF-B319-484F-BA27-5393959A92D3}.Debug|Any CPU.Build.0 = Debug|Any CPU
		{372D76BF-B319-484F-BA27-5393959A92D3}.Release|Any CPU.ActiveCfg = Release|Any CPU
		{372D76BF-B319-484F-BA27-5393959A92D3}.Release|Any CPU.Build.0 = Release|Any CPU
		{852CE79A-25DD-4FF0-A36C-49664B2D56D9}.Debug|Any CPU.ActiveCfg = Debug|Any CPU
		{852CE79A-25DD-4FF0-A36C-49664B2D56D9}.Debug|Any CPU.Build.0 = Debug|Any CPU
		{852CE79A-25DD-4FF0-A36C-49664B2D56D9}.Release|Any CPU.ActiveCfg = Release|Any CPU
		{852CE79A-25DD-4FF0-A36C-49664B2D56D9}.Release|Any CPU.Build.0 = Release|Any CPU
		{F18A1E5C-A25D-41DF-B2A8-21013F314F0C}.Debug|Any CPU.ActiveCfg = Debug|Any CPU
		{F18A1E5C-A25D-41DF-B2A8-21013F314F0C}.Debug|Any CPU.Build.0 = Debug|Any CPU
		{F18A1E5C-A25D-41DF-B2A8-21013F314F0C}.Release|Any CPU.ActiveCfg = Release|Any CPU
		{F18A1E5C-A25D-41DF-B2A8-21013F314F0C}.Release|Any CPU.Build.0 = Release|Any CPU
		{4310DB2C-837A-425C-BF96-A8A48931B53E}.Debug|Any CPU.ActiveCfg = Debug|Any CPU
		{4310DB2C-837A-425C-BF96-A8A48931B53E}.Debug|Any CPU.Build.0 = Debug|Any CPU
		{4310DB2C-837A-425C-BF96-A8A48931B53E}.Release|Any CPU.ActiveCfg = Release|Any CPU
		{4310DB2C-837A-425C-BF96-A8A48931B53E}.Release|Any CPU.Build.0 = Release|Any CPU
		{60FD606B-CE9A-4804-9852-98DA35708B4E}.Debug|Any CPU.ActiveCfg = Debug|Any CPU
		{60FD606B-CE9A-4804-9852-98DA35708B4E}.Debug|Any CPU.Build.0 = Debug|Any CPU
		{60FD606B-CE9A-4804-9852-98DA35708B4E}.Release|Any CPU.ActiveCfg = Release|Any CPU
		{60FD606B-CE9A-4804-9852-98DA35708B4E}.Release|Any CPU.Build.0 = Release|Any CPU
		{D3649C6D-1498-4F33-B83C-D0B0160B5C75}.Debug|Any CPU.ActiveCfg = Debug|Any CPU
		{D3649C6D-1498-4F33-B83C-D0B0160B5C75}.Debug|Any CPU.Build.0 = Debug|Any CPU
		{D3649C6D-1498-4F33-B83C-D0B0160B5C75}.Release|Any CPU.ActiveCfg = Release|Any CPU
		{D3649C6D-1498-4F33-B83C-D0B0160B5C75}.Release|Any CPU.Build.0 = Release|Any CPU
		{82A42473-08A4-4AFB-996B-5563AAF0C2AE}.Debug|Any CPU.ActiveCfg = Debug|Any CPU
		{82A42473-08A4-4AFB-996B-5563AAF0C2AE}.Debug|Any CPU.Build.0 = Debug|Any CPU
		{82A42473-08A4-4AFB-996B-5563AAF0C2AE}.Release|Any CPU.ActiveCfg = Release|Any CPU
		{82A42473-08A4-4AFB-996B-5563AAF0C2AE}.Release|Any CPU.Build.0 = Release|Any CPU
		{1F897308-0EB2-41DA-BE7E-D7107EE2B92F}.Debug|Any CPU.ActiveCfg = Debug|Any CPU
		{1F897308-0EB2-41DA-BE7E-D7107EE2B92F}.Debug|Any CPU.Build.0 = Debug|Any CPU
		{1F897308-0EB2-41DA-BE7E-D7107EE2B92F}.Release|Any CPU.ActiveCfg = Release|Any CPU
		{1F897308-0EB2-41DA-BE7E-D7107EE2B92F}.Release|Any CPU.Build.0 = Release|Any CPU
		{836753BC-D369-4197-9B23-9E3F2751C4DC}.Debug|Any CPU.ActiveCfg = Debug|Any CPU
		{836753BC-D369-4197-9B23-9E3F2751C4DC}.Debug|Any CPU.Build.0 = Debug|Any CPU
		{836753BC-D369-4197-9B23-9E3F2751C4DC}.Release|Any CPU.ActiveCfg = Release|Any CPU
		{836753BC-D369-4197-9B23-9E3F2751C4DC}.Release|Any CPU.Build.0 = Release|Any CPU
		{90CBDDFC-BBE0-4956-B68D-7F62E348462B}.Debug|Any CPU.ActiveCfg = Debug|Any CPU
		{90CBDDFC-BBE0-4956-B68D-7F62E348462B}.Debug|Any CPU.Build.0 = Debug|Any CPU
		{90CBDDFC-BBE0-4956-B68D-7F62E348462B}.Release|Any CPU.ActiveCfg = Release|Any CPU
		{90CBDDFC-BBE0-4956-B68D-7F62E348462B}.Release|Any CPU.Build.0 = Release|Any CPU
		{B817139D-F38E-42C5-AE7F-63842325E07E}.Debug|Any CPU.ActiveCfg = Debug|Any CPU
		{B817139D-F38E-42C5-AE7F-63842325E07E}.Debug|Any CPU.Build.0 = Debug|Any CPU
		{B817139D-F38E-42C5-AE7F-63842325E07E}.Release|Any CPU.ActiveCfg = Release|Any CPU
		{B817139D-F38E-42C5-AE7F-63842325E07E}.Release|Any CPU.Build.0 = Release|Any CPU
		{AFBC524D-E6C6-4E73-83BF-ADFB9C211DE1}.Debug|Any CPU.ActiveCfg = Debug|Any CPU
		{AFBC524D-E6C6-4E73-83BF-ADFB9C211DE1}.Debug|Any CPU.Build.0 = Debug|Any CPU
		{AFBC524D-E6C6-4E73-83BF-ADFB9C211DE1}.Release|Any CPU.ActiveCfg = Release|Any CPU
		{AFBC524D-E6C6-4E73-83BF-ADFB9C211DE1}.Release|Any CPU.Build.0 = Release|Any CPU
		{70C219EE-A902-4DFF-BF8D-F1E774B69753}.Debug|Any CPU.ActiveCfg = Debug|Any CPU
		{70C219EE-A902-4DFF-BF8D-F1E774B69753}.Debug|Any CPU.Build.0 = Debug|Any CPU
		{70C219EE-A902-4DFF-BF8D-F1E774B69753}.Release|Any CPU.ActiveCfg = Release|Any CPU
		{70C219EE-A902-4DFF-BF8D-F1E774B69753}.Release|Any CPU.Build.0 = Release|Any CPU
		{FD075FF9-F198-4853-A61C-57EB267C57F5}.Debug|Any CPU.ActiveCfg = Debug|Any CPU
		{FD075FF9-F198-4853-A61C-57EB267C57F5}.Debug|Any CPU.Build.0 = Debug|Any CPU
		{FD075FF9-F198-4853-A61C-57EB267C57F5}.Release|Any CPU.ActiveCfg = Release|Any CPU
		{FD075FF9-F198-4853-A61C-57EB267C57F5}.Release|Any CPU.Build.0 = Release|Any CPU
		{4F78471D-89B0-46A5-B8AD-958026088A84}.Debug|Any CPU.ActiveCfg = Debug|Any CPU
		{4F78471D-89B0-46A5-B8AD-958026088A84}.Debug|Any CPU.Build.0 = Debug|Any CPU
		{4F78471D-89B0-46A5-B8AD-958026088A84}.Release|Any CPU.ActiveCfg = Release|Any CPU
		{4F78471D-89B0-46A5-B8AD-958026088A84}.Release|Any CPU.Build.0 = Release|Any CPU
		{2E6D0857-0E87-494A-A067-73FFE847CE48}.Debug|Any CPU.ActiveCfg = Debug|Any CPU
		{2E6D0857-0E87-494A-A067-73FFE847CE48}.Debug|Any CPU.Build.0 = Debug|Any CPU
		{2E6D0857-0E87-494A-A067-73FFE847CE48}.Release|Any CPU.ActiveCfg = Release|Any CPU
		{2E6D0857-0E87-494A-A067-73FFE847CE48}.Release|Any CPU.Build.0 = Release|Any CPU
		{C8546545-192F-468B-BDB5-CCBBFA816C7F}.Debug|Any CPU.ActiveCfg = Debug|Any CPU
		{C8546545-192F-468B-BDB5-CCBBFA816C7F}.Debug|Any CPU.Build.0 = Debug|Any CPU
		{C8546545-192F-468B-BDB5-CCBBFA816C7F}.Release|Any CPU.ActiveCfg = Release|Any CPU
		{C8546545-192F-468B-BDB5-CCBBFA816C7F}.Release|Any CPU.Build.0 = Release|Any CPU
		{F000BEE0-1647-4804-84FD-F285B1DABF6B}.Debug|Any CPU.ActiveCfg = Debug|Any CPU
		{F000BEE0-1647-4804-84FD-F285B1DABF6B}.Debug|Any CPU.Build.0 = Debug|Any CPU
		{F000BEE0-1647-4804-84FD-F285B1DABF6B}.Release|Any CPU.ActiveCfg = Release|Any CPU
		{F000BEE0-1647-4804-84FD-F285B1DABF6B}.Release|Any CPU.Build.0 = Release|Any CPU
		{90D6EAE3-2DA9-4F51-B4BA-0B45159C87E1}.Debug|Any CPU.ActiveCfg = Debug|Any CPU
		{90D6EAE3-2DA9-4F51-B4BA-0B45159C87E1}.Debug|Any CPU.Build.0 = Debug|Any CPU
		{90D6EAE3-2DA9-4F51-B4BA-0B45159C87E1}.Release|Any CPU.ActiveCfg = Release|Any CPU
		{90D6EAE3-2DA9-4F51-B4BA-0B45159C87E1}.Release|Any CPU.Build.0 = Release|Any CPU
		{C2D8BE16-6909-4C7F-83F6-BF73A9410958}.Debug|Any CPU.ActiveCfg = Debug|Any CPU
		{C2D8BE16-6909-4C7F-83F6-BF73A9410958}.Debug|Any CPU.Build.0 = Debug|Any CPU
		{C2D8BE16-6909-4C7F-83F6-BF73A9410958}.Release|Any CPU.ActiveCfg = Release|Any CPU
		{C2D8BE16-6909-4C7F-83F6-BF73A9410958}.Release|Any CPU.Build.0 = Release|Any CPU
		{DD7C7251-40C4-4231-85E2-41DDE89FDDFA}.Debug|Any CPU.ActiveCfg = Debug|Any CPU
		{DD7C7251-40C4-4231-85E2-41DDE89FDDFA}.Debug|Any CPU.Build.0 = Debug|Any CPU
		{DD7C7251-40C4-4231-85E2-41DDE89FDDFA}.Release|Any CPU.ActiveCfg = Release|Any CPU
		{DD7C7251-40C4-4231-85E2-41DDE89FDDFA}.Release|Any CPU.Build.0 = Release|Any CPU
		{44D2340E-E5AD-422C-B3EB-06A64BBED48E}.Debug|Any CPU.ActiveCfg = Debug|Any CPU
		{44D2340E-E5AD-422C-B3EB-06A64BBED48E}.Debug|Any CPU.Build.0 = Debug|Any CPU
		{44D2340E-E5AD-422C-B3EB-06A64BBED48E}.Release|Any CPU.ActiveCfg = Release|Any CPU
		{44D2340E-E5AD-422C-B3EB-06A64BBED48E}.Release|Any CPU.Build.0 = Release|Any CPU
		{D302B69F-2F20-4E53-9F41-44C1257CCED0}.Debug|Any CPU.ActiveCfg = Debug|Any CPU
		{D302B69F-2F20-4E53-9F41-44C1257CCED0}.Debug|Any CPU.Build.0 = Debug|Any CPU
		{D302B69F-2F20-4E53-9F41-44C1257CCED0}.Release|Any CPU.ActiveCfg = Release|Any CPU
		{D302B69F-2F20-4E53-9F41-44C1257CCED0}.Release|Any CPU.Build.0 = Release|Any CPU
		{128E9392-CC6D-4D07-8905-077DFECE0DD3}.Debug|Any CPU.ActiveCfg = Debug|Any CPU
		{128E9392-CC6D-4D07-8905-077DFECE0DD3}.Debug|Any CPU.Build.0 = Debug|Any CPU
		{128E9392-CC6D-4D07-8905-077DFECE0DD3}.Release|Any CPU.ActiveCfg = Release|Any CPU
		{128E9392-CC6D-4D07-8905-077DFECE0DD3}.Release|Any CPU.Build.0 = Release|Any CPU
		{4116F28D-FA32-4D06-AFC6-13D975FB46C4}.Debug|Any CPU.ActiveCfg = Debug|Any CPU
		{4116F28D-FA32-4D06-AFC6-13D975FB46C4}.Debug|Any CPU.Build.0 = Debug|Any CPU
		{4116F28D-FA32-4D06-AFC6-13D975FB46C4}.Release|Any CPU.ActiveCfg = Release|Any CPU
		{4116F28D-FA32-4D06-AFC6-13D975FB46C4}.Release|Any CPU.Build.0 = Release|Any CPU
		{A5788F8E-70F6-497C-AF52-91A467D0ADE7}.Debug|Any CPU.ActiveCfg = Debug|Any CPU
		{A5788F8E-70F6-497C-AF52-91A467D0ADE7}.Debug|Any CPU.Build.0 = Debug|Any CPU
		{A5788F8E-70F6-497C-AF52-91A467D0ADE7}.Release|Any CPU.ActiveCfg = Release|Any CPU
		{A5788F8E-70F6-497C-AF52-91A467D0ADE7}.Release|Any CPU.Build.0 = Release|Any CPU
		{AE1CB78C-A6E6-499C-BA7A-AB54806A5DBF}.Debug|Any CPU.ActiveCfg = Debug|Any CPU
		{AE1CB78C-A6E6-499C-BA7A-AB54806A5DBF}.Debug|Any CPU.Build.0 = Debug|Any CPU
		{AE1CB78C-A6E6-499C-BA7A-AB54806A5DBF}.Release|Any CPU.ActiveCfg = Release|Any CPU
		{AE1CB78C-A6E6-499C-BA7A-AB54806A5DBF}.Release|Any CPU.Build.0 = Release|Any CPU
		{39D03BF9-C281-4839-AF97-E63975F93E78}.Debug|Any CPU.ActiveCfg = Debug|Any CPU
		{39D03BF9-C281-4839-AF97-E63975F93E78}.Debug|Any CPU.Build.0 = Debug|Any CPU
		{39D03BF9-C281-4839-AF97-E63975F93E78}.Release|Any CPU.ActiveCfg = Release|Any CPU
		{39D03BF9-C281-4839-AF97-E63975F93E78}.Release|Any CPU.Build.0 = Release|Any CPU
		{57826B17-6F57-4F86-B39E-D351A5B3A339}.Debug|Any CPU.ActiveCfg = Debug|Any CPU
		{57826B17-6F57-4F86-B39E-D351A5B3A339}.Debug|Any CPU.Build.0 = Debug|Any CPU
		{57826B17-6F57-4F86-B39E-D351A5B3A339}.Release|Any CPU.ActiveCfg = Release|Any CPU
		{57826B17-6F57-4F86-B39E-D351A5B3A339}.Release|Any CPU.Build.0 = Release|Any CPU
		{5CDC3D12-AA6D-44F5-B048-4B781058B491}.Debug|Any CPU.ActiveCfg = Debug|Any CPU
		{5CDC3D12-AA6D-44F5-B048-4B781058B491}.Debug|Any CPU.Build.0 = Debug|Any CPU
		{5CDC3D12-AA6D-44F5-B048-4B781058B491}.Release|Any CPU.ActiveCfg = Release|Any CPU
		{5CDC3D12-AA6D-44F5-B048-4B781058B491}.Release|Any CPU.Build.0 = Release|Any CPU
		{A76F05BD-DBEA-48B4-8C94-28E2999BDA6C}.Debug|Any CPU.ActiveCfg = Debug|Any CPU
		{A76F05BD-DBEA-48B4-8C94-28E2999BDA6C}.Debug|Any CPU.Build.0 = Debug|Any CPU
		{A76F05BD-DBEA-48B4-8C94-28E2999BDA6C}.Release|Any CPU.ActiveCfg = Release|Any CPU
		{A76F05BD-DBEA-48B4-8C94-28E2999BDA6C}.Release|Any CPU.Build.0 = Release|Any CPU
		{FBC2CB44-DE10-4B49-86A2-69C116994723}.Debug|Any CPU.ActiveCfg = Debug|Any CPU
		{FBC2CB44-DE10-4B49-86A2-69C116994723}.Debug|Any CPU.Build.0 = Debug|Any CPU
		{FBC2CB44-DE10-4B49-86A2-69C116994723}.Release|Any CPU.ActiveCfg = Release|Any CPU
		{FBC2CB44-DE10-4B49-86A2-69C116994723}.Release|Any CPU.Build.0 = Release|Any CPU
		{8149A30A-02D3-4F85-801E-AFC0AED810C5}.Debug|Any CPU.ActiveCfg = Debug|Any CPU
		{8149A30A-02D3-4F85-801E-AFC0AED810C5}.Debug|Any CPU.Build.0 = Debug|Any CPU
		{8149A30A-02D3-4F85-801E-AFC0AED810C5}.Release|Any CPU.ActiveCfg = Release|Any CPU
		{8149A30A-02D3-4F85-801E-AFC0AED810C5}.Release|Any CPU.Build.0 = Release|Any CPU
		{D10E34C8-9DF1-4A69-8ED1-8B3D63319D8D}.Debug|Any CPU.ActiveCfg = Debug|Any CPU
		{D10E34C8-9DF1-4A69-8ED1-8B3D63319D8D}.Debug|Any CPU.Build.0 = Debug|Any CPU
		{D10E34C8-9DF1-4A69-8ED1-8B3D63319D8D}.Release|Any CPU.ActiveCfg = Release|Any CPU
		{D10E34C8-9DF1-4A69-8ED1-8B3D63319D8D}.Release|Any CPU.Build.0 = Release|Any CPU
		{B33C523A-1216-4096-BC77-2917601769E1}.Debug|Any CPU.ActiveCfg = Debug|Any CPU
		{B33C523A-1216-4096-BC77-2917601769E1}.Debug|Any CPU.Build.0 = Debug|Any CPU
		{B33C523A-1216-4096-BC77-2917601769E1}.Release|Any CPU.ActiveCfg = Release|Any CPU
		{B33C523A-1216-4096-BC77-2917601769E1}.Release|Any CPU.Build.0 = Release|Any CPU
		{C2D78C59-704C-4243-AACC-CEC597BD78BD}.Debug|Any CPU.ActiveCfg = Debug|Any CPU
		{C2D78C59-704C-4243-AACC-CEC597BD78BD}.Debug|Any CPU.Build.0 = Debug|Any CPU
		{C2D78C59-704C-4243-AACC-CEC597BD78BD}.Release|Any CPU.ActiveCfg = Release|Any CPU
		{C2D78C59-704C-4243-AACC-CEC597BD78BD}.Release|Any CPU.Build.0 = Release|Any CPU
		{FF7C31DE-35F9-4E20-8B93-41CFCB18ECED}.Debug|Any CPU.ActiveCfg = Debug|Any CPU
		{FF7C31DE-35F9-4E20-8B93-41CFCB18ECED}.Debug|Any CPU.Build.0 = Debug|Any CPU
		{FF7C31DE-35F9-4E20-8B93-41CFCB18ECED}.Release|Any CPU.ActiveCfg = Release|Any CPU
		{FF7C31DE-35F9-4E20-8B93-41CFCB18ECED}.Release|Any CPU.Build.0 = Release|Any CPU
		{986E2A3F-A003-4BA8-8C8C-689EDBE9EE2D}.Debug|Any CPU.ActiveCfg = Debug|Any CPU
		{986E2A3F-A003-4BA8-8C8C-689EDBE9EE2D}.Debug|Any CPU.Build.0 = Debug|Any CPU
		{986E2A3F-A003-4BA8-8C8C-689EDBE9EE2D}.Release|Any CPU.ActiveCfg = Release|Any CPU
		{986E2A3F-A003-4BA8-8C8C-689EDBE9EE2D}.Release|Any CPU.Build.0 = Release|Any CPU
		{AB1EEF01-950B-4E7D-9468-7336C33B291F}.Debug|Any CPU.ActiveCfg = Debug|Any CPU
		{AB1EEF01-950B-4E7D-9468-7336C33B291F}.Debug|Any CPU.Build.0 = Debug|Any CPU
		{AB1EEF01-950B-4E7D-9468-7336C33B291F}.Release|Any CPU.ActiveCfg = Release|Any CPU
		{AB1EEF01-950B-4E7D-9468-7336C33B291F}.Release|Any CPU.Build.0 = Release|Any CPU
		{6FB47C97-B108-4B66-BE34-69437A4FC91D}.Debug|Any CPU.ActiveCfg = Debug|Any CPU
		{6FB47C97-B108-4B66-BE34-69437A4FC91D}.Debug|Any CPU.Build.0 = Debug|Any CPU
		{6FB47C97-B108-4B66-BE34-69437A4FC91D}.Release|Any CPU.ActiveCfg = Release|Any CPU
		{6FB47C97-B108-4B66-BE34-69437A4FC91D}.Release|Any CPU.Build.0 = Release|Any CPU
		{C8803EFA-9818-41FC-95EC-A347A301FFA5}.Debug|Any CPU.ActiveCfg = Debug|Any CPU
		{C8803EFA-9818-41FC-95EC-A347A301FFA5}.Debug|Any CPU.Build.0 = Debug|Any CPU
		{C8803EFA-9818-41FC-95EC-A347A301FFA5}.Release|Any CPU.ActiveCfg = Release|Any CPU
		{C8803EFA-9818-41FC-95EC-A347A301FFA5}.Release|Any CPU.Build.0 = Release|Any CPU
		{D761B4FA-8716-4203-A21D-F51084537107}.Debug|Any CPU.ActiveCfg = Debug|Any CPU
		{D761B4FA-8716-4203-A21D-F51084537107}.Debug|Any CPU.Build.0 = Debug|Any CPU
		{D761B4FA-8716-4203-A21D-F51084537107}.Release|Any CPU.ActiveCfg = Release|Any CPU
		{D761B4FA-8716-4203-A21D-F51084537107}.Release|Any CPU.Build.0 = Release|Any CPU
		{4EE08789-5C77-4C79-BD1B-80FF0E59434F}.Debug|Any CPU.ActiveCfg = Debug|Any CPU
		{4EE08789-5C77-4C79-BD1B-80FF0E59434F}.Debug|Any CPU.Build.0 = Debug|Any CPU
		{4EE08789-5C77-4C79-BD1B-80FF0E59434F}.Release|Any CPU.ActiveCfg = Release|Any CPU
		{4EE08789-5C77-4C79-BD1B-80FF0E59434F}.Release|Any CPU.Build.0 = Release|Any CPU
		{CA45BD48-F2DC-4126-907F-CFF7E263C258}.Debug|Any CPU.ActiveCfg = Debug|Any CPU
		{CA45BD48-F2DC-4126-907F-CFF7E263C258}.Debug|Any CPU.Build.0 = Debug|Any CPU
		{CA45BD48-F2DC-4126-907F-CFF7E263C258}.Release|Any CPU.ActiveCfg = Release|Any CPU
		{CA45BD48-F2DC-4126-907F-CFF7E263C258}.Release|Any CPU.Build.0 = Release|Any CPU
		{5B9FCAD1-53A9-4FE4-B840-30933ADBA726}.Debug|Any CPU.ActiveCfg = Debug|Any CPU
		{5B9FCAD1-53A9-4FE4-B840-30933ADBA726}.Debug|Any CPU.Build.0 = Debug|Any CPU
		{5B9FCAD1-53A9-4FE4-B840-30933ADBA726}.Release|Any CPU.ActiveCfg = Release|Any CPU
		{5B9FCAD1-53A9-4FE4-B840-30933ADBA726}.Release|Any CPU.Build.0 = Release|Any CPU
		{BDF511BB-3810-46CB-A81B-F78D953B4C87}.Debug|Any CPU.ActiveCfg = Debug|Any CPU
		{BDF511BB-3810-46CB-A81B-F78D953B4C87}.Debug|Any CPU.Build.0 = Debug|Any CPU
		{BDF511BB-3810-46CB-A81B-F78D953B4C87}.Release|Any CPU.ActiveCfg = Release|Any CPU
		{BDF511BB-3810-46CB-A81B-F78D953B4C87}.Release|Any CPU.Build.0 = Release|Any CPU
		{A5CB9195-41B8-4841-A628-C0D38D455316}.Debug|Any CPU.ActiveCfg = Debug|Any CPU
		{A5CB9195-41B8-4841-A628-C0D38D455316}.Debug|Any CPU.Build.0 = Debug|Any CPU
		{A5CB9195-41B8-4841-A628-C0D38D455316}.Release|Any CPU.ActiveCfg = Release|Any CPU
		{A5CB9195-41B8-4841-A628-C0D38D455316}.Release|Any CPU.Build.0 = Release|Any CPU
		{BD7A5B4D-2E88-4BD0-8D14-F7EB9E1A253C}.Debug|Any CPU.ActiveCfg = Debug|Any CPU
		{BD7A5B4D-2E88-4BD0-8D14-F7EB9E1A253C}.Debug|Any CPU.Build.0 = Debug|Any CPU
		{BD7A5B4D-2E88-4BD0-8D14-F7EB9E1A253C}.Release|Any CPU.ActiveCfg = Release|Any CPU
		{BD7A5B4D-2E88-4BD0-8D14-F7EB9E1A253C}.Release|Any CPU.Build.0 = Release|Any CPU
		{2FD04E36-9420-4ED2-8FE1-F135D25CA678}.Debug|Any CPU.ActiveCfg = Debug|Any CPU
		{2FD04E36-9420-4ED2-8FE1-F135D25CA678}.Debug|Any CPU.Build.0 = Debug|Any CPU
		{2FD04E36-9420-4ED2-8FE1-F135D25CA678}.Release|Any CPU.ActiveCfg = Release|Any CPU
		{2FD04E36-9420-4ED2-8FE1-F135D25CA678}.Release|Any CPU.Build.0 = Release|Any CPU
		{E306D60C-C2A8-4CD9-A784-5E01C91BCF5C}.Debug|Any CPU.ActiveCfg = Debug|Any CPU
		{E306D60C-C2A8-4CD9-A784-5E01C91BCF5C}.Debug|Any CPU.Build.0 = Debug|Any CPU
		{E306D60C-C2A8-4CD9-A784-5E01C91BCF5C}.Release|Any CPU.ActiveCfg = Release|Any CPU
		{E306D60C-C2A8-4CD9-A784-5E01C91BCF5C}.Release|Any CPU.Build.0 = Release|Any CPU
		{618E203B-83E5-4DBC-8DBF-0E57B1EDA314}.Debug|Any CPU.ActiveCfg = Debug|Any CPU
		{618E203B-83E5-4DBC-8DBF-0E57B1EDA314}.Debug|Any CPU.Build.0 = Debug|Any CPU
		{618E203B-83E5-4DBC-8DBF-0E57B1EDA314}.Release|Any CPU.ActiveCfg = Release|Any CPU
		{618E203B-83E5-4DBC-8DBF-0E57B1EDA314}.Release|Any CPU.Build.0 = Release|Any CPU
		{44698527-46FA-4300-95C7-A0EFFDD3AE81}.Debug|Any CPU.ActiveCfg = Debug|Any CPU
		{44698527-46FA-4300-95C7-A0EFFDD3AE81}.Debug|Any CPU.Build.0 = Debug|Any CPU
		{44698527-46FA-4300-95C7-A0EFFDD3AE81}.Release|Any CPU.ActiveCfg = Release|Any CPU
		{44698527-46FA-4300-95C7-A0EFFDD3AE81}.Release|Any CPU.Build.0 = Release|Any CPU
		{0D4B7F31-992B-4BB2-941B-0A5C8445D637}.Debug|Any CPU.ActiveCfg = Debug|Any CPU
		{0D4B7F31-992B-4BB2-941B-0A5C8445D637}.Debug|Any CPU.Build.0 = Debug|Any CPU
		{0D4B7F31-992B-4BB2-941B-0A5C8445D637}.Release|Any CPU.ActiveCfg = Release|Any CPU
		{0D4B7F31-992B-4BB2-941B-0A5C8445D637}.Release|Any CPU.Build.0 = Release|Any CPU
		{D6DF1319-7754-4374-8EB2-B3D2080F6928}.Debug|Any CPU.ActiveCfg = Debug|Any CPU
		{D6DF1319-7754-4374-8EB2-B3D2080F6928}.Debug|Any CPU.Build.0 = Debug|Any CPU
		{D6DF1319-7754-4374-8EB2-B3D2080F6928}.Release|Any CPU.ActiveCfg = Release|Any CPU
		{D6DF1319-7754-4374-8EB2-B3D2080F6928}.Release|Any CPU.Build.0 = Release|Any CPU
		{720A0191-A558-4B48-947A-F10F53051985}.Debug|Any CPU.ActiveCfg = Debug|Any CPU
		{720A0191-A558-4B48-947A-F10F53051985}.Debug|Any CPU.Build.0 = Debug|Any CPU
		{720A0191-A558-4B48-947A-F10F53051985}.Release|Any CPU.ActiveCfg = Release|Any CPU
		{720A0191-A558-4B48-947A-F10F53051985}.Release|Any CPU.Build.0 = Release|Any CPU
		{3B7C6CF1-C2C6-4C78-8228-409767104F70}.Debug|Any CPU.ActiveCfg = Debug|Any CPU
		{3B7C6CF1-C2C6-4C78-8228-409767104F70}.Debug|Any CPU.Build.0 = Debug|Any CPU
		{3B7C6CF1-C2C6-4C78-8228-409767104F70}.Release|Any CPU.ActiveCfg = Release|Any CPU
		{3B7C6CF1-C2C6-4C78-8228-409767104F70}.Release|Any CPU.Build.0 = Release|Any CPU
		{03BDB159-BF45-4872-8A5F-6BFCEF4B1A5D}.Debug|Any CPU.ActiveCfg = Debug|Any CPU
		{03BDB159-BF45-4872-8A5F-6BFCEF4B1A5D}.Debug|Any CPU.Build.0 = Debug|Any CPU
		{03BDB159-BF45-4872-8A5F-6BFCEF4B1A5D}.Release|Any CPU.ActiveCfg = Release|Any CPU
		{03BDB159-BF45-4872-8A5F-6BFCEF4B1A5D}.Release|Any CPU.Build.0 = Release|Any CPU
		{FC817548-B626-452B-9505-48E7A9F5E273}.Debug|Any CPU.ActiveCfg = Debug|Any CPU
		{FC817548-B626-452B-9505-48E7A9F5E273}.Debug|Any CPU.Build.0 = Debug|Any CPU
		{FC817548-B626-452B-9505-48E7A9F5E273}.Release|Any CPU.ActiveCfg = Release|Any CPU
		{FC817548-B626-452B-9505-48E7A9F5E273}.Release|Any CPU.Build.0 = Release|Any CPU
		{4CC4D438-818A-4C30-82E8-B128B00A8348}.Debug|Any CPU.ActiveCfg = Debug|Any CPU
		{4CC4D438-818A-4C30-82E8-B128B00A8348}.Debug|Any CPU.Build.0 = Debug|Any CPU
		{4CC4D438-818A-4C30-82E8-B128B00A8348}.Release|Any CPU.ActiveCfg = Release|Any CPU
		{4CC4D438-818A-4C30-82E8-B128B00A8348}.Release|Any CPU.Build.0 = Release|Any CPU
		{73D4EF8E-8F4D-4409-AE38-480163429965}.Debug|Any CPU.ActiveCfg = Debug|Any CPU
		{73D4EF8E-8F4D-4409-AE38-480163429965}.Debug|Any CPU.Build.0 = Debug|Any CPU
		{73D4EF8E-8F4D-4409-AE38-480163429965}.Release|Any CPU.ActiveCfg = Release|Any CPU
		{73D4EF8E-8F4D-4409-AE38-480163429965}.Release|Any CPU.Build.0 = Release|Any CPU
		{CD9A5D27-C02E-40CF-AC96-E8CC0C61F27C}.Debug|Any CPU.ActiveCfg = Debug|Any CPU
		{CD9A5D27-C02E-40CF-AC96-E8CC0C61F27C}.Debug|Any CPU.Build.0 = Debug|Any CPU
		{CD9A5D27-C02E-40CF-AC96-E8CC0C61F27C}.Release|Any CPU.ActiveCfg = Release|Any CPU
		{CD9A5D27-C02E-40CF-AC96-E8CC0C61F27C}.Release|Any CPU.Build.0 = Release|Any CPU
		{3716F71C-09E7-44B8-ACFA-D910A934783A}.Debug|Any CPU.ActiveCfg = Debug|Any CPU
		{3716F71C-09E7-44B8-ACFA-D910A934783A}.Debug|Any CPU.Build.0 = Debug|Any CPU
		{3716F71C-09E7-44B8-ACFA-D910A934783A}.Release|Any CPU.ActiveCfg = Release|Any CPU
		{3716F71C-09E7-44B8-ACFA-D910A934783A}.Release|Any CPU.Build.0 = Release|Any CPU
		{E69F7DE1-4A7E-4CC1-88B5-FC27AC5B6060}.Debug|Any CPU.ActiveCfg = Debug|Any CPU
		{E69F7DE1-4A7E-4CC1-88B5-FC27AC5B6060}.Debug|Any CPU.Build.0 = Debug|Any CPU
		{E69F7DE1-4A7E-4CC1-88B5-FC27AC5B6060}.Release|Any CPU.ActiveCfg = Release|Any CPU
		{E69F7DE1-4A7E-4CC1-88B5-FC27AC5B6060}.Release|Any CPU.Build.0 = Release|Any CPU
		{2B629DAE-0E83-4F91-B2DA-3928A08911BF}.Debug|Any CPU.ActiveCfg = Debug|Any CPU
		{2B629DAE-0E83-4F91-B2DA-3928A08911BF}.Debug|Any CPU.Build.0 = Debug|Any CPU
		{2B629DAE-0E83-4F91-B2DA-3928A08911BF}.Release|Any CPU.ActiveCfg = Release|Any CPU
		{2B629DAE-0E83-4F91-B2DA-3928A08911BF}.Release|Any CPU.Build.0 = Release|Any CPU
		{06B2A105-FF43-4B80-A1BB-9AF7FD3DB4A7}.Debug|Any CPU.ActiveCfg = Debug|Any CPU
		{06B2A105-FF43-4B80-A1BB-9AF7FD3DB4A7}.Debug|Any CPU.Build.0 = Debug|Any CPU
		{06B2A105-FF43-4B80-A1BB-9AF7FD3DB4A7}.Release|Any CPU.ActiveCfg = Release|Any CPU
		{06B2A105-FF43-4B80-A1BB-9AF7FD3DB4A7}.Release|Any CPU.Build.0 = Release|Any CPU
		{985C305D-9562-460F-9E01-73BA7B9EFE50}.Debug|Any CPU.ActiveCfg = Debug|Any CPU
		{985C305D-9562-460F-9E01-73BA7B9EFE50}.Debug|Any CPU.Build.0 = Debug|Any CPU
		{985C305D-9562-460F-9E01-73BA7B9EFE50}.Release|Any CPU.ActiveCfg = Release|Any CPU
		{985C305D-9562-460F-9E01-73BA7B9EFE50}.Release|Any CPU.Build.0 = Release|Any CPU
		{355F52C8-22E3-494F-BEB5-E4DD6397504D}.Debug|Any CPU.ActiveCfg = Debug|Any CPU
		{355F52C8-22E3-494F-BEB5-E4DD6397504D}.Debug|Any CPU.Build.0 = Debug|Any CPU
		{355F52C8-22E3-494F-BEB5-E4DD6397504D}.Release|Any CPU.ActiveCfg = Release|Any CPU
		{355F52C8-22E3-494F-BEB5-E4DD6397504D}.Release|Any CPU.Build.0 = Release|Any CPU
		{A7B51F36-D7C9-48A1-8C05-6D4939292736}.Debug|Any CPU.ActiveCfg = Debug|Any CPU
		{A7B51F36-D7C9-48A1-8C05-6D4939292736}.Debug|Any CPU.Build.0 = Debug|Any CPU
		{A7B51F36-D7C9-48A1-8C05-6D4939292736}.Release|Any CPU.ActiveCfg = Release|Any CPU
		{A7B51F36-D7C9-48A1-8C05-6D4939292736}.Release|Any CPU.Build.0 = Release|Any CPU
		{9FDBEB5F-C881-4B77-B7DA-314FC02241ED}.Debug|Any CPU.ActiveCfg = Debug|Any CPU
		{9FDBEB5F-C881-4B77-B7DA-314FC02241ED}.Debug|Any CPU.Build.0 = Debug|Any CPU
		{9FDBEB5F-C881-4B77-B7DA-314FC02241ED}.Release|Any CPU.ActiveCfg = Release|Any CPU
		{9FDBEB5F-C881-4B77-B7DA-314FC02241ED}.Release|Any CPU.Build.0 = Release|Any CPU
		{0FDD712B-BC25-4D8D-8071-6E0036370481}.Debug|Any CPU.ActiveCfg = Debug|Any CPU
		{0FDD712B-BC25-4D8D-8071-6E0036370481}.Debug|Any CPU.Build.0 = Debug|Any CPU
		{0FDD712B-BC25-4D8D-8071-6E0036370481}.Release|Any CPU.ActiveCfg = Release|Any CPU
		{0FDD712B-BC25-4D8D-8071-6E0036370481}.Release|Any CPU.Build.0 = Release|Any CPU
	EndGlobalSection
	GlobalSection(SolutionProperties) = preSolution
		HideSolutionNode = FALSE
	EndGlobalSection
	GlobalSection(NestedProjects) = preSolution
		{EB6D2A1B-9168-40E3-BF0E-6F3616977EC0} = {DE23F034-C571-455F-85F4-5C710454A5FA}
		{68BEED6D-BCF7-4756-9F8F-1B3E8000EDD9} = {EB6D2A1B-9168-40E3-BF0E-6F3616977EC0}
		{B31542D9-1C42-45E7-B84E-15B12233B5B1} = {EB6D2A1B-9168-40E3-BF0E-6F3616977EC0}
		{622F67C2-8526-4ACC-BBEF-9D49BCA4F05B} = {EB6D2A1B-9168-40E3-BF0E-6F3616977EC0}
		{C12BF179-418E-4BF9-BAD6-C1869539A10B} = {EB6D2A1B-9168-40E3-BF0E-6F3616977EC0}
		{46BA87AD-031B-4150-9E7E-AC18561B50E7} = {DE23F034-C571-455F-85F4-5C710454A5FA}
		{A57BC717-DDAD-445F-87D2-DDD1336D4D15} = {46BA87AD-031B-4150-9E7E-AC18561B50E7}
		{ABB33767-92C6-407F-987D-272E83B06D4C} = {DE23F034-C571-455F-85F4-5C710454A5FA}
		{EC9A1372-8024-4101-978B-360BCFE29790} = {ABB33767-92C6-407F-987D-272E83B06D4C}
		{5999F77A-A950-4192-AC52-E0E2226BE175} = {ABB33767-92C6-407F-987D-272E83B06D4C}
		{8FAC55C4-8362-4208-8F7F-36C92AF9CDF8} = {ABB33767-92C6-407F-987D-272E83B06D4C}
		{FD94A463-8D44-4CF7-8AE4-28359AF130DB} = {ABB33767-92C6-407F-987D-272E83B06D4C}
		{5CE66AD0-DFB5-4F80-9A72-5250DC52BFC9} = {ABB33767-92C6-407F-987D-272E83B06D4C}
		{DF8281A8-B54A-485C-A9D5-AFBE9F5EFD8B} = {ABB33767-92C6-407F-987D-272E83B06D4C}
		{8AB435C8-FB35-4064-992E-DFC3B2289D9F} = {304A48B8-A137-4877-AADE-FA93686D1127}
		{16A94595-3BC9-4BF4-851D-5FC78FF62018} = {304A48B8-A137-4877-AADE-FA93686D1127}
		{7E58B4D1-FFAE-449B-A351-6796F9A91F8F} = {304A48B8-A137-4877-AADE-FA93686D1127}
		{1EA28738-D5F0-458B-9166-1AE9E933FA07} = {304A48B8-A137-4877-AADE-FA93686D1127}
		{5995F74F-F8F5-4D0F-A988-B57C04905B68} = {304A48B8-A137-4877-AADE-FA93686D1127}
		{6B6BAB40-E5C5-4965-9682-7D6AC3FE936D} = {304A48B8-A137-4877-AADE-FA93686D1127}
		{96D9E300-4DD5-4F9E-85FE-220DFEDD3CC8} = {3D60B0C5-D01B-4CF9-AAE3-8BCEF8229B7A}
		{D1195814-D6A5-40E7-BF82-7B035581496B} = {96D9E300-4DD5-4F9E-85FE-220DFEDD3CC8}
		{4CF207E2-26DF-4C93-B118-2B516FE26F6C} = {96D9E300-4DD5-4F9E-85FE-220DFEDD3CC8}
		{3BB28C37-744C-4596-89C6-DC6E0FEC02D2} = {3D60B0C5-D01B-4CF9-AAE3-8BCEF8229B7A}
		{3E3AC769-D782-4868-9E63-410894D6D6F4} = {3BB28C37-744C-4596-89C6-DC6E0FEC02D2}
		{23B9F417-3AC9-4B28-8226-C0E327249FC1} = {3BB28C37-744C-4596-89C6-DC6E0FEC02D2}
		{7922E16A-C1E4-4668-B4C2-7386FDD231CE} = {3BB28C37-744C-4596-89C6-DC6E0FEC02D2}
		{FFEE1959-7068-4DBE-8F83-95D7D2E7BDB2} = {3BB28C37-744C-4596-89C6-DC6E0FEC02D2}
		{813ACCB2-3206-4E66-AB6E-4AEE0ACFECDB} = {3BB28C37-744C-4596-89C6-DC6E0FEC02D2}
		{546B2835-D992-47E1-AE8F-E36A6DAA4C98} = {3BB28C37-744C-4596-89C6-DC6E0FEC02D2}
		{D4E25917-A46E-435A-AD84-5CC91D814B27} = {3BB28C37-744C-4596-89C6-DC6E0FEC02D2}
		{BD120537-0611-48E8-8073-66F0EFBDEA68} = {3BB28C37-744C-4596-89C6-DC6E0FEC02D2}
		{F3BAF793-0800-4FD6-BD2C-0590E1C8552C} = {3BB28C37-744C-4596-89C6-DC6E0FEC02D2}
		{E81E922A-A54C-4D6C-9BDD-04134A795EAD} = {3BB28C37-744C-4596-89C6-DC6E0FEC02D2}
		{964F82AB-1BDF-479F-8D0C-41211B02B2DB} = {3BB28C37-744C-4596-89C6-DC6E0FEC02D2}
		{209B6E01-2E85-47FB-9A94-759F148882DE} = {3BB28C37-744C-4596-89C6-DC6E0FEC02D2}
		{95EA028D-E6AD-4B5E-8B69-F9F45BF916B0} = {3BB28C37-744C-4596-89C6-DC6E0FEC02D2}
		{F31DAA54-96B1-49BD-B7D7-3C036F60B1BB} = {3D60B0C5-D01B-4CF9-AAE3-8BCEF8229B7A}
		{FBE02075-4C35-4E6B-B181-931064034E1B} = {F31DAA54-96B1-49BD-B7D7-3C036F60B1BB}
		{8F7EA7E8-682F-4D33-8174-0C228918A3B5} = {F31DAA54-96B1-49BD-B7D7-3C036F60B1BB}
		{6351AD70-7909-443F-9A18-76303E9599B4} = {F31DAA54-96B1-49BD-B7D7-3C036F60B1BB}
		{6267F747-15B3-4D51-A304-22FA6FF12FE0} = {F31DAA54-96B1-49BD-B7D7-3C036F60B1BB}
		{63A9723D-6EAF-40B0-92C6-41B508115B43} = {F31DAA54-96B1-49BD-B7D7-3C036F60B1BB}
		{62D0E0E2-0C16-40C5-B5B6-ACB73D0B8A61} = {F31DAA54-96B1-49BD-B7D7-3C036F60B1BB}
		{112BDAD0-245F-4730-A868-4AA5D7162E74} = {F31DAA54-96B1-49BD-B7D7-3C036F60B1BB}
		{158A7EFF-99AD-40BF-B765-C2711C39DBE6} = {F31DAA54-96B1-49BD-B7D7-3C036F60B1BB}
		{EC99A22E-FE5B-4A5C-A95C-2461ED3FE1E7} = {F31DAA54-96B1-49BD-B7D7-3C036F60B1BB}
		{32A80B1A-9C94-4142-8A96-9579B6113DEB} = {F31DAA54-96B1-49BD-B7D7-3C036F60B1BB}
		{874FF3FA-A63E-432B-976B-03E7FB3A1646} = {F31DAA54-96B1-49BD-B7D7-3C036F60B1BB}
		{0D4D9EFC-6424-4B61-AA27-D50BFB7B9CB5} = {F31DAA54-96B1-49BD-B7D7-3C036F60B1BB}
		{4D9E6C36-B1B4-42BB-AAB2-757960F74B96} = {F31DAA54-96B1-49BD-B7D7-3C036F60B1BB}
		{265D9312-B8CC-46C7-9F2F-13EA2F86A3DC} = {F31DAA54-96B1-49BD-B7D7-3C036F60B1BB}
		{3F3E5448-3C50-455E-A18A-8057D5153231} = {265D9312-B8CC-46C7-9F2F-13EA2F86A3DC}
		{7EF925D1-9D9C-44D4-9B41-9D8A07A000BA} = {265D9312-B8CC-46C7-9F2F-13EA2F86A3DC}
		{A32DDE6E-BA0D-40AA-BED3-1A10049D59BC} = {265D9312-B8CC-46C7-9F2F-13EA2F86A3DC}
		{720483C6-D06B-481D-8899-E1D9BD654EDA} = {265D9312-B8CC-46C7-9F2F-13EA2F86A3DC}
		{37EFCF00-19A6-497D-8E6B-49876C9E1985} = {265D9312-B8CC-46C7-9F2F-13EA2F86A3DC}
		{860DF6A9-D1D5-49E3-9CE5-D2DE347CEED0} = {265D9312-B8CC-46C7-9F2F-13EA2F86A3DC}
		{CC850199-5215-408E-BB06-4B80395A17AB} = {265D9312-B8CC-46C7-9F2F-13EA2F86A3DC}
		{62F87567-0571-43C5-B380-C17EFD4404DD} = {265D9312-B8CC-46C7-9F2F-13EA2F86A3DC}
		{A441C37F-B451-4B47-AAB2-2CA4EAEBA170} = {265D9312-B8CC-46C7-9F2F-13EA2F86A3DC}
		{C6F2FA90-1B02-4F7A-B610-CB7A2C3F99B9} = {265D9312-B8CC-46C7-9F2F-13EA2F86A3DC}
		{107ED04B-1A71-4C7C-87DA-07CB2ECE590F} = {3D60B0C5-D01B-4CF9-AAE3-8BCEF8229B7A}
		{3159C670-359F-481F-B4C4-90A04103815F} = {107ED04B-1A71-4C7C-87DA-07CB2ECE590F}
		{ADCEF13E-CEB2-445D-A537-AB4C28450749} = {107ED04B-1A71-4C7C-87DA-07CB2ECE590F}
		{DDFB86C3-248F-4B3B-8133-1269F2D5F203} = {3D60B0C5-D01B-4CF9-AAE3-8BCEF8229B7A}
		{0DD747F7-0B85-4208-BA76-C537F3A64362} = {DDFB86C3-248F-4B3B-8133-1269F2D5F203}
		{6092DB32-4A29-410B-B7D7-0842F76427A9} = {DDFB86C3-248F-4B3B-8133-1269F2D5F203}
		{1CC3C349-3E26-430D-B6BF-309BCF2ECEE7} = {DDFB86C3-248F-4B3B-8133-1269F2D5F203}
		{47F077BB-EA30-4B73-8147-44CAFE4E1C17} = {3D60B0C5-D01B-4CF9-AAE3-8BCEF8229B7A}
		{4624635E-E95D-4A09-8ACC-AD417421361C} = {47F077BB-EA30-4B73-8147-44CAFE4E1C17}
		{09204EC3-B629-41C6-8E63-114E30677410} = {47F077BB-EA30-4B73-8147-44CAFE4E1C17}
		{EF7F2399-5D6B-4B1E-AE43-CB72AA3A7F78} = {3D60B0C5-D01B-4CF9-AAE3-8BCEF8229B7A}
		{03A744C8-19FD-4976-96B8-6A083E23E863} = {EF7F2399-5D6B-4B1E-AE43-CB72AA3A7F78}
		{B81C0BD6-5751-4164-B8AD-1834E0158703} = {EF7F2399-5D6B-4B1E-AE43-CB72AA3A7F78}
		{A2CA697E-FF0A-4BC4-96C1-CC2E0D1DA33E} = {EF7F2399-5D6B-4B1E-AE43-CB72AA3A7F78}
		{372D76BF-B319-484F-BA27-5393959A92D3} = {EF7F2399-5D6B-4B1E-AE43-CB72AA3A7F78}
		{852CE79A-25DD-4FF0-A36C-49664B2D56D9} = {EF7F2399-5D6B-4B1E-AE43-CB72AA3A7F78}
		{F18A1E5C-A25D-41DF-B2A8-21013F314F0C} = {EF7F2399-5D6B-4B1E-AE43-CB72AA3A7F78}
		{4310DB2C-837A-425C-BF96-A8A48931B53E} = {EF7F2399-5D6B-4B1E-AE43-CB72AA3A7F78}
		{C2B99C13-4067-4DB7-8375-02C994D69470} = {3D60B0C5-D01B-4CF9-AAE3-8BCEF8229B7A}
		{60FD606B-CE9A-4804-9852-98DA35708B4E} = {C2B99C13-4067-4DB7-8375-02C994D69470}
		{D3649C6D-1498-4F33-B83C-D0B0160B5C75} = {C2B99C13-4067-4DB7-8375-02C994D69470}
		{63021944-AB0B-464B-AC55-EDD808E2566D} = {3D60B0C5-D01B-4CF9-AAE3-8BCEF8229B7A}
		{82A42473-08A4-4AFB-996B-5563AAF0C2AE} = {63021944-AB0B-464B-AC55-EDD808E2566D}
		{1F897308-0EB2-41DA-BE7E-D7107EE2B92F} = {63021944-AB0B-464B-AC55-EDD808E2566D}
		{C31D9C96-B62A-4AD5-815D-01BED430E80C} = {3D60B0C5-D01B-4CF9-AAE3-8BCEF8229B7A}
		{836753BC-D369-4197-9B23-9E3F2751C4DC} = {C31D9C96-B62A-4AD5-815D-01BED430E80C}
		{90CBDDFC-BBE0-4956-B68D-7F62E348462B} = {C31D9C96-B62A-4AD5-815D-01BED430E80C}
		{B817139D-F38E-42C5-AE7F-63842325E07E} = {C31D9C96-B62A-4AD5-815D-01BED430E80C}
		{157BEA4D-985F-4974-9323-4581B92163D5} = {D6BE33BD-7AC1-4C59-AF9A-52C523FABA31}
		{12207492-F02B-4CE8-8B2B-AE3608F7E7C9} = {D6BE33BD-7AC1-4C59-AF9A-52C523FABA31}
		{40FC9A0B-6D36-4CBB-A99A-95313E5D2122} = {D6BE33BD-7AC1-4C59-AF9A-52C523FABA31}
		{98E33FD9-4264-40D5-873B-A73BBFF26F19} = {D6BE33BD-7AC1-4C59-AF9A-52C523FABA31}
		{5B8E6AE9-3636-4299-AB37-F8696D036FDC} = {D6BE33BD-7AC1-4C59-AF9A-52C523FABA31}
		{5F9BAD0A-6F9C-42E5-AB4C-C7842A068A4B} = {D6BE33BD-7AC1-4C59-AF9A-52C523FABA31}
		{FFE1958D-5605-4F88-A693-C6146B28BBE0} = {5F9BAD0A-6F9C-42E5-AB4C-C7842A068A4B}
		{F6184EF0-70D8-4BBE-AA5A-CBFD122BCCEA} = {D6BE33BD-7AC1-4C59-AF9A-52C523FABA31}
		{5EFFD0B2-916C-4615-9824-9067369D27E4} = {D6BE33BD-7AC1-4C59-AF9A-52C523FABA31}
		{9F6FFFA6-27B0-41CC-83FC-393204F0F344} = {D6BE33BD-7AC1-4C59-AF9A-52C523FABA31}
		{784BD946-C173-49A9-A6F7-429A2EA0B336} = {D6BE33BD-7AC1-4C59-AF9A-52C523FABA31}
		{92C77F0B-AC73-491D-B1B8-214987E0E68C} = {784BD946-C173-49A9-A6F7-429A2EA0B336}
		{985CC4F9-F39F-4691-BE3E-828CD78728D6} = {D6BE33BD-7AC1-4C59-AF9A-52C523FABA31}
		{DDEBAE70-53CA-4877-8D9C-DC5656703794} = {D6BE33BD-7AC1-4C59-AF9A-52C523FABA31}
		{DD65222C-80A3-4939-8977-19C4BF5CC590} = {DDEBAE70-53CA-4877-8D9C-DC5656703794}
		{C704476C-D102-4AD9-9B2F-3F48F8E473D9} = {D6BE33BD-7AC1-4C59-AF9A-52C523FABA31}
		{AFBC524D-E6C6-4E73-83BF-ADFB9C211DE1} = {157BEA4D-985F-4974-9323-4581B92163D5}
		{70C219EE-A902-4DFF-BF8D-F1E774B69753} = {40FC9A0B-6D36-4CBB-A99A-95313E5D2122}
		{FD075FF9-F198-4853-A61C-57EB267C57F5} = {98E33FD9-4264-40D5-873B-A73BBFF26F19}
		{4F78471D-89B0-46A5-B8AD-958026088A84} = {98E33FD9-4264-40D5-873B-A73BBFF26F19}
		{2E6D0857-0E87-494A-A067-73FFE847CE48} = {98E33FD9-4264-40D5-873B-A73BBFF26F19}
		{C8546545-192F-468B-BDB5-CCBBFA816C7F} = {98E33FD9-4264-40D5-873B-A73BBFF26F19}
		{F000BEE0-1647-4804-84FD-F285B1DABF6B} = {98E33FD9-4264-40D5-873B-A73BBFF26F19}
		{90D6EAE3-2DA9-4F51-B4BA-0B45159C87E1} = {98E33FD9-4264-40D5-873B-A73BBFF26F19}
		{C2D8BE16-6909-4C7F-83F6-BF73A9410958} = {98E33FD9-4264-40D5-873B-A73BBFF26F19}
		{DD7C7251-40C4-4231-85E2-41DDE89FDDFA} = {98E33FD9-4264-40D5-873B-A73BBFF26F19}
		{44D2340E-E5AD-422C-B3EB-06A64BBED48E} = {98E33FD9-4264-40D5-873B-A73BBFF26F19}
		{D302B69F-2F20-4E53-9F41-44C1257CCED0} = {98E33FD9-4264-40D5-873B-A73BBFF26F19}
		{128E9392-CC6D-4D07-8905-077DFECE0DD3} = {5B8E6AE9-3636-4299-AB37-F8696D036FDC}
		{4116F28D-FA32-4D06-AFC6-13D975FB46C4} = {5B8E6AE9-3636-4299-AB37-F8696D036FDC}
		{A5788F8E-70F6-497C-AF52-91A467D0ADE7} = {5B8E6AE9-3636-4299-AB37-F8696D036FDC}
		{AE1CB78C-A6E6-499C-BA7A-AB54806A5DBF} = {C704476C-D102-4AD9-9B2F-3F48F8E473D9}
		{39D03BF9-C281-4839-AF97-E63975F93E78} = {FFE1958D-5605-4F88-A693-C6146B28BBE0}
		{57826B17-6F57-4F86-B39E-D351A5B3A339} = {FFE1958D-5605-4F88-A693-C6146B28BBE0}
		{5CDC3D12-AA6D-44F5-B048-4B781058B491} = {FFE1958D-5605-4F88-A693-C6146B28BBE0}
		{A76F05BD-DBEA-48B4-8C94-28E2999BDA6C} = {FFE1958D-5605-4F88-A693-C6146B28BBE0}
		{FBC2CB44-DE10-4B49-86A2-69C116994723} = {5F9BAD0A-6F9C-42E5-AB4C-C7842A068A4B}
		{8149A30A-02D3-4F85-801E-AFC0AED810C5} = {FFE1958D-5605-4F88-A693-C6146B28BBE0}
		{D10E34C8-9DF1-4A69-8ED1-8B3D63319D8D} = {FFE1958D-5605-4F88-A693-C6146B28BBE0}
		{B33C523A-1216-4096-BC77-2917601769E1} = {5F9BAD0A-6F9C-42E5-AB4C-C7842A068A4B}
		{C2D78C59-704C-4243-AACC-CEC597BD78BD} = {F6184EF0-70D8-4BBE-AA5A-CBFD122BCCEA}
		{FF7C31DE-35F9-4E20-8B93-41CFCB18ECED} = {F6184EF0-70D8-4BBE-AA5A-CBFD122BCCEA}
		{986E2A3F-A003-4BA8-8C8C-689EDBE9EE2D} = {F6184EF0-70D8-4BBE-AA5A-CBFD122BCCEA}
		{AB1EEF01-950B-4E7D-9468-7336C33B291F} = {F6184EF0-70D8-4BBE-AA5A-CBFD122BCCEA}
		{6FB47C97-B108-4B66-BE34-69437A4FC91D} = {F6184EF0-70D8-4BBE-AA5A-CBFD122BCCEA}
		{C8803EFA-9818-41FC-95EC-A347A301FFA5} = {784BD946-C173-49A9-A6F7-429A2EA0B336}
		{D761B4FA-8716-4203-A21D-F51084537107} = {784BD946-C173-49A9-A6F7-429A2EA0B336}
		{4EE08789-5C77-4C79-BD1B-80FF0E59434F} = {784BD946-C173-49A9-A6F7-429A2EA0B336}
		{CA45BD48-F2DC-4126-907F-CFF7E263C258} = {784BD946-C173-49A9-A6F7-429A2EA0B336}
		{5B9FCAD1-53A9-4FE4-B840-30933ADBA726} = {92C77F0B-AC73-491D-B1B8-214987E0E68C}
		{BDF511BB-3810-46CB-A81B-F78D953B4C87} = {784BD946-C173-49A9-A6F7-429A2EA0B336}
		{A5CB9195-41B8-4841-A628-C0D38D455316} = {985CC4F9-F39F-4691-BE3E-828CD78728D6}
		{BD7A5B4D-2E88-4BD0-8D14-F7EB9E1A253C} = {DDEBAE70-53CA-4877-8D9C-DC5656703794}
		{2FD04E36-9420-4ED2-8FE1-F135D25CA678} = {DD65222C-80A3-4939-8977-19C4BF5CC590}
		{E306D60C-C2A8-4CD9-A784-5E01C91BCF5C} = {DFEDE49D-C28D-48A7-8B52-BB5A3B5C422B}
		{618E203B-83E5-4DBC-8DBF-0E57B1EDA314} = {157BEA4D-985F-4974-9323-4581B92163D5}
		{44698527-46FA-4300-95C7-A0EFFDD3AE81} = {9F6FFFA6-27B0-41CC-83FC-393204F0F344}
		{0D4B7F31-992B-4BB2-941B-0A5C8445D637} = {5EFFD0B2-916C-4615-9824-9067369D27E4}
		{D6DF1319-7754-4374-8EB2-B3D2080F6928} = {3BB28C37-744C-4596-89C6-DC6E0FEC02D2}
		{720A0191-A558-4B48-947A-F10F53051985} = {98E33FD9-4264-40D5-873B-A73BBFF26F19}
		{3B7C6CF1-C2C6-4C78-8228-409767104F70} = {304A48B8-A137-4877-AADE-FA93686D1127}
		{03BDB159-BF45-4872-8A5F-6BFCEF4B1A5D} = {ABB33767-92C6-407F-987D-272E83B06D4C}
		{FC817548-B626-452B-9505-48E7A9F5E273} = {F6184EF0-70D8-4BBE-AA5A-CBFD122BCCEA}
		{8236FE81-05F1-4A56-8B5C-B194DDC15270} = {3D60B0C5-D01B-4CF9-AAE3-8BCEF8229B7A}
		{4CC4D438-818A-4C30-82E8-B128B00A8348} = {8236FE81-05F1-4A56-8B5C-B194DDC15270}
		{73D4EF8E-8F4D-4409-AE38-480163429965} = {8236FE81-05F1-4A56-8B5C-B194DDC15270}
		{CD9A5D27-C02E-40CF-AC96-E8CC0C61F27C} = {8236FE81-05F1-4A56-8B5C-B194DDC15270}
		{3716F71C-09E7-44B8-ACFA-D910A934783A} = {8236FE81-05F1-4A56-8B5C-B194DDC15270}
		{E69F7DE1-4A7E-4CC1-88B5-FC27AC5B6060} = {8236FE81-05F1-4A56-8B5C-B194DDC15270}
		{2B629DAE-0E83-4F91-B2DA-3928A08911BF} = {F31DAA54-96B1-49BD-B7D7-3C036F60B1BB}
		{06B2A105-FF43-4B80-A1BB-9AF7FD3DB4A7} = {12207492-F02B-4CE8-8B2B-AE3608F7E7C9}
		{985C305D-9562-460F-9E01-73BA7B9EFE50} = {12207492-F02B-4CE8-8B2B-AE3608F7E7C9}
		{355F52C8-22E3-494F-BEB5-E4DD6397504D} = {12207492-F02B-4CE8-8B2B-AE3608F7E7C9}
		{A7B51F36-D7C9-48A1-8C05-6D4939292736} = {12207492-F02B-4CE8-8B2B-AE3608F7E7C9}
		{9FDBEB5F-C881-4B77-B7DA-314FC02241ED} = {12207492-F02B-4CE8-8B2B-AE3608F7E7C9}
		{0FDD712B-BC25-4D8D-8071-6E0036370481} = {5B8E6AE9-3636-4299-AB37-F8696D036FDC}
	EndGlobalSection
EndGlobal
