
Microsoft Visual Studio Solution File, Format Version 12.00
Project("{FAE04EC0-301F-11D3-BF4B-00C04F79EFBC}") = "Inno.Graphics", "src\Inno.Graphics\Inno.Graphics.csproj", "{856F6814-6E56-432E-B437-E65E0039F34E}"
EndProject
Project("{FAE04EC0-301F-11D3-BF4B-00C04F79EFBC}") = "Inno.Sandbox", "demo\Inno.Sandbox\Inno.Sandbox.csproj", "{83104E68-894C-451E-BBC9-3AB55FF6E37C}"
EndProject
Project("{FAE04EC0-301F-11D3-BF4B-00C04F79EFBC}") = "Inno.Runtime", "src\Inno.Runtime\Inno.Runtime.csproj", "{76DEEC90-EBC2-4569-A026-6D7158515783}"
EndProject
Project("{FAE04EC0-301F-11D3-BF4B-00C04F79EFBC}") = "Inno.Editor", "src\Inno.Editor\Inno.Editor.csproj", "{C2DFA11A-F1A8-4E4F-872F-1C3094DC1141}"
EndProject
Project("{FAE04EC0-301F-11D3-BF4B-00C04F79EFBC}") = "Inno.Core", "src\Inno.Core\Inno.Core.csproj", "{2905E344-0132-4F3B-8A1F-08D8AC067F19}"
EndProject
Project("{FAE04EC0-301F-11D3-BF4B-00C04F79EFBC}") = "Inno.Platform", "src\Inno.Platform\Inno.Platform.csproj", "{3975A7B6-06F3-432F-A0A4-DD7DB062990B}"
EndProject
Project("{FAE04EC0-301F-11D3-BF4B-00C04F79EFBC}") = "Inno.Assets", "src\Inno.Assets\Inno.Assets.csproj", "{1F6552CF-9409-4DC7-A9DB-3049F5977046}"
EndProject
Project("{FAE04EC0-301F-11D3-BF4B-00C04F79EFBC}") = "Inno.ImGui", "src\Inno.ImGui\Inno.ImGui.csproj", "{1000E386-5D03-4182-B38B-00011A329835}"
EndProject
Global
	GlobalSection(SolutionConfigurationPlatforms) = preSolution
		Debug|Any CPU = Debug|Any CPU
		Release|Any CPU = Release|Any CPU
	EndGlobalSection
	GlobalSection(ProjectConfigurationPlatforms) = postSolution
		{856F6814-6E56-432E-B437-E65E0039F34E}.Debug|Any CPU.ActiveCfg = Debug|Any CPU
		{856F6814-6E56-432E-B437-E65E0039F34E}.Debug|Any CPU.Build.0 = Debug|Any CPU
		{856F6814-6E56-432E-B437-E65E0039F34E}.Release|Any CPU.ActiveCfg = Release|Any CPU
		{856F6814-6E56-432E-B437-E65E0039F34E}.Release|Any CPU.Build.0 = Release|Any CPU
		{83104E68-894C-451E-BBC9-3AB55FF6E37C}.Debug|Any CPU.ActiveCfg = Debug|Any CPU
		{83104E68-894C-451E-BBC9-3AB55FF6E37C}.Debug|Any CPU.Build.0 = Debug|Any CPU
		{83104E68-894C-451E-BBC9-3AB55FF6E37C}.Release|Any CPU.ActiveCfg = Release|Any CPU
		{83104E68-894C-451E-BBC9-3AB55FF6E37C}.Release|Any CPU.Build.0 = Release|Any CPU
		{76DEEC90-EBC2-4569-A026-6D7158515783}.Debug|Any CPU.ActiveCfg = Debug|Any CPU
		{76DEEC90-EBC2-4569-A026-6D7158515783}.Debug|Any CPU.Build.0 = Debug|Any CPU
		{76DEEC90-EBC2-4569-A026-6D7158515783}.Release|Any CPU.ActiveCfg = Release|Any CPU
		{76DEEC90-EBC2-4569-A026-6D7158515783}.Release|Any CPU.Build.0 = Release|Any CPU
		{C2DFA11A-F1A8-4E4F-872F-1C3094DC1141}.Debug|Any CPU.ActiveCfg = Debug|Any CPU
		{C2DFA11A-F1A8-4E4F-872F-1C3094DC1141}.Debug|Any CPU.Build.0 = Debug|Any CPU
		{C2DFA11A-F1A8-4E4F-872F-1C3094DC1141}.Release|Any CPU.ActiveCfg = Release|Any CPU
		{C2DFA11A-F1A8-4E4F-872F-1C3094DC1141}.Release|Any CPU.Build.0 = Release|Any CPU
		{2905E344-0132-4F3B-8A1F-08D8AC067F19}.Debug|Any CPU.ActiveCfg = Debug|Any CPU
		{2905E344-0132-4F3B-8A1F-08D8AC067F19}.Debug|Any CPU.Build.0 = Debug|Any CPU
		{2905E344-0132-4F3B-8A1F-08D8AC067F19}.Release|Any CPU.ActiveCfg = Release|Any CPU
		{2905E344-0132-4F3B-8A1F-08D8AC067F19}.Release|Any CPU.Build.0 = Release|Any CPU
		{3975A7B6-06F3-432F-A0A4-DD7DB062990B}.Debug|Any CPU.ActiveCfg = Debug|Any CPU
		{3975A7B6-06F3-432F-A0A4-DD7DB062990B}.Debug|Any CPU.Build.0 = Debug|Any CPU
		{3975A7B6-06F3-432F-A0A4-DD7DB062990B}.Release|Any CPU.ActiveCfg = Release|Any CPU
		{3975A7B6-06F3-432F-A0A4-DD7DB062990B}.Release|Any CPU.Build.0 = Release|Any CPU
		{1F6552CF-9409-4DC7-A9DB-3049F5977046}.Debug|Any CPU.ActiveCfg = Debug|Any CPU
		{1F6552CF-9409-4DC7-A9DB-3049F5977046}.Debug|Any CPU.Build.0 = Debug|Any CPU
		{1F6552CF-9409-4DC7-A9DB-3049F5977046}.Release|Any CPU.ActiveCfg = Release|Any CPU
		{1F6552CF-9409-4DC7-A9DB-3049F5977046}.Release|Any CPU.Build.0 = Release|Any CPU
		{1000E386-5D03-4182-B38B-00011A329835}.Debug|Any CPU.ActiveCfg = Debug|Any CPU
		{1000E386-5D03-4182-B38B-00011A329835}.Debug|Any CPU.Build.0 = Debug|Any CPU
		{1000E386-5D03-4182-B38B-00011A329835}.Release|Any CPU.ActiveCfg = Release|Any CPU
		{1000E386-5D03-4182-B38B-00011A329835}.Release|Any CPU.Build.0 = Release|Any CPU
	EndGlobalSection
EndGlobal
